// !$*UTF8*$!
{
	archiveVersion = 1;
	classes = {
	};
	objectVersion = 46;
	objects = {

/* Begin PBXBuildFile section */
		00122E00AC0A8AA5D8705B1C /* DailyQuestService.swift in Sources */ = {isa = PBXBuildFile; fileRef = 8DC244890A9D999E5D33B361 /* DailyQuestService.swift */; };
		050586AD030FF4D723B38123 /* FocusSessionTests.swift in Sources */ = {isa = PBXBuildFile; fileRef = E9C0846D9B6876A771BA610A /* FocusSessionTests.swift */; };
		0901106F22BDD5D328177A18 /* AuthViewModel.swift in Sources */ = {isa = PBXBuildFile; fileRef = C7BBB9AD41F4B468576D04D7 /* AuthViewModel.swift */; };
		1306BA31CCFC9E648A0B787F /* AttendanceCalculatorTests.swift in Sources */ = {isa = PBXBuildFile; fileRef = C517B4612EAE5C33F83B3CA7 /* AttendanceCalculatorTests.swift */; };
		159D808D3428FDA56BD598C3 /* ALIVEWidgets.swift in Sources */ = {isa = PBXBuildFile; fileRef = 14EE36931A67CCF4C25B65A3 /* ALIVEWidgets.swift */; };
		19172B6DCA805FC0E3FDB25B /* ALIVEModelContainer.swift in Sources */ = {isa = PBXBuildFile; fileRef = 10FE21F1B1730BE37B8316DA /* ALIVEModelContainer.swift */; };
		1A6A17AAA63653E56A3BFB39 /* Quest.swift in Sources */ = {isa = PBXBuildFile; fileRef = 552DC69E08E4A3BC1D75BAFD /* Quest.swift */; };
		1EDD7E6B4A2251006A22EAE0 /* Achievement.swift in Sources */ = {isa = PBXBuildFile; fileRef = A50950B504A9E120C7A20804 /* Achievement.swift */; };
		2236FDA5DA56F73A529BC0E4 /* DailyQuestServiceTests.swift in Sources */ = {isa = PBXBuildFile; fileRef = A12027CEBE08715718E0C2EF /* DailyQuestServiceTests.swift */; };
		244AC08BDC7C82DE6B4FDBB3 /* WidgetKit.framework in Frameworks */ = {isa = PBXBuildFile; fileRef = F2999CEC37B42A1C823EA759 /* WidgetKit.framework */; };
		258548E8340E3C79967B1A9A /* ALIVERouterTests.swift in Sources */ = {isa = PBXBuildFile; fileRef = AEA2AF84E81A109417425C2D /* ALIVERouterTests.swift */; };
		25C95C4CC006BB1480AE673C /* MainTabView.swift in Sources */ = {isa = PBXBuildFile; fileRef = A9D902F0D5F4F55CD1F6EE0E /* MainTabView.swift */; };
		2AC90D7F4432B3E73DE8173A /* Course.swift in Sources */ = {isa = PBXBuildFile; fileRef = E13CDEACF654CBB6F77F1609 /* Course.swift */; };
		2E75947FFE03738BC0C579A3 /* MockDataGenerator.swift in Sources */ = {isa = PBXBuildFile; fileRef = BD7DE1714C0C1DC0B5F6A6DA /* MockDataGenerator.swift */; };
		2FA2E81F8A6226D4CF51C0F6 /* StudySession.swift in Sources */ = {isa = PBXBuildFile; fileRef = 425296D0B1D9CDE352668C9E /* StudySession.swift */; };
		304CE8B9B2BDC3462773A327 /* AnalyticsView.swift in Sources */ = {isa = PBXBuildFile; fileRef = CFCB8E1F195E6BAA3101A97F /* AnalyticsView.swift */; };
		335B31A9FC4962F860F3E85C /* SwiftDataModelTests.swift in Sources */ = {isa = PBXBuildFile; fileRef = D71690DAF30001B15B96F2A5 /* SwiftDataModelTests.swift */; };
		38526DB87D200811B7932B04 /* AttendanceTrackerView.swift in Sources */ = {isa = PBXBuildFile; fileRef = F16A6A38C80E1A8362EF8B5B /* AttendanceTrackerView.swift */; };
		38655A88BFA7BB38C503C22F /* FocusSessionView.swift in Sources */ = {isa = PBXBuildFile; fileRef = 2BAA66D6C56F49821FCB38B9 /* FocusSessionView.swift */; };
		406749E4A06902825DAA45EE /* PersistenceService.swift in Sources */ = {isa = PBXBuildFile; fileRef = 247737B8A3435D0C04F69272 /* PersistenceService.swift */; };
		4398F9C454BAAACC1B87DB6A /* Foundation.framework in Frameworks */ = {isa = PBXBuildFile; fileRef = 457F573F1832AAB549D5E94B /* Foundation.framework */; };
		4638E91486CB3B5498798153 /* ParticleEffectView.swift in Sources */ = {isa = PBXBuildFile; fileRef = 7CC1B06D5A753222130193DD /* ParticleEffectView.swift */; };
		4C0F78DB4A59CA7098FE02D4 /* DashboardView.swift in Sources */ = {isa = PBXBuildFile; fileRef = AA572DDAD1DB5659A60E1DD3 /* DashboardView.swift */; };
		656165DC5A87F81F55C7F452 /* ProfileViewModel.swift in Sources */ = {isa = PBXBuildFile; fileRef = 49E97A5A2DB145EEB30603A0 /* ProfileViewModel.swift */; };
		6979C24E22563DF28138E52E /* CharacterClass.swift in Sources */ = {isa = PBXBuildFile; fileRef = A49D3D7387835D99B66D191D /* CharacterClass.swift */; };
		6BA430A5ABB46DEE32D3FECA /* XPTransaction.swift in Sources */ = {isa = PBXBuildFile; fileRef = 30D6405DCBD2ADF2E8179C1D /* XPTransaction.swift */; };
		6C51F6BF3A45B0D291383600 /* SkillNodeDetailView.swift in Sources */ = {isa = PBXBuildFile; fileRef = 00735F372B0C9793C8CD088C /* SkillNodeDetailView.swift */; };
		6E561E5DB9FF76932F7B08A3 /* QuestCardView.swift in Sources */ = {isa = PBXBuildFile; fileRef = 4E96A5CC19F4F0A781081240 /* QuestCardView.swift */; };
		6F715C65D457AD8D8AD3F6CC /* SkillTreeCanvasView.swift in Sources */ = {isa = PBXBuildFile; fileRef = 1AD905319EE8B33C8F490DEC /* SkillTreeCanvasView.swift */; };
		6FF489B088794C7D5F211675 /* FocusActivityAttributes.swift in Sources */ = {isa = PBXBuildFile; fileRef = 392799980D9C1EC3FBAA7038 /* FocusActivityAttributes.swift */; };
		73D53DB809B030AC7E1048D0 /* XPEngine.swift in Sources */ = {isa = PBXBuildFile; fileRef = E4770A5F885F90932BFD164B /* XPEngine.swift */; };
		758C7367806C2FFE7F1A33E4 /* SkillNode.swift in Sources */ = {isa = PBXBuildFile; fileRef = 8273F18A33DE213B660FAF11 /* SkillNode.swift */; };
		786B025F2AB5324877AF82AA /* AuthView.swift in Sources */ = {isa = PBXBuildFile; fileRef = 0CB1918DFA2D26B858651918 /* AuthView.swift */; };
		7DFD6C8E2BAAEF6ADC2E3B2C /* QuestEngineTests.swift in Sources */ = {isa = PBXBuildFile; fileRef = 924DF3EA46653695509C0A34 /* QuestEngineTests.swift */; };
		80A56937DE2C7E96A064D915 /* ALIVEAppIntents.swift in Sources */ = {isa = PBXBuildFile; fileRef = F5CD7B40DC6A80D12AEBBC45 /* ALIVEAppIntents.swift */; };
		858C12C3F1607B0453782180 /* SkillTreeViewModel.swift in Sources */ = {isa = PBXBuildFile; fileRef = C59E1E230CB17D63468B0A87 /* SkillTreeViewModel.swift */; };
		86E5DFB411A2389E3BEC9F1E /* WidgetSnapshotService.swift in Sources */ = {isa = PBXBuildFile; fileRef = 7D91966FA8695273F36533EF /* WidgetSnapshotService.swift */; };
		88628C3E2D0A77EA4881DF32 /* FocusNotificationService.swift in Sources */ = {isa = PBXBuildFile; fileRef = 6172E85F30456564CB89554E /* FocusNotificationService.swift */; };
		89DD12AE91319BA24B0AF491 /* ColorPalette.swift in Sources */ = {isa = PBXBuildFile; fileRef = 35E6AD7072A6D808D2DAEBF9 /* ColorPalette.swift */; };
		8AAC1FE8C03E6D45EDDB447A /* FocusViewModel.swift in Sources */ = {isa = PBXBuildFile; fileRef = BD1AB0D98FC608F1AD23A108 /* FocusViewModel.swift */; };
		95D198B5C553830B298E65E2 /* ALIVEWidgetSnapshot.swift in Sources */ = {isa = PBXBuildFile; fileRef = 778183CDD7A2F243DDC5FF17 /* ALIVEWidgetSnapshot.swift */; };
		9957A091E9A07552C3EB869D /* AnalyticsViewModel.swift in Sources */ = {isa = PBXBuildFile; fileRef = E79E6326619116E5D151D608 /* AnalyticsViewModel.swift */; };
		99E8401BE9FDD37A9DDBFCBD /* HealthKit.framework in Frameworks */ = {isa = PBXBuildFile; fileRef = 473B936056C2204E121CD4BF /* HealthKit.framework */; };
		9B12E3CE4A54D5A9595F4FDC /* QuestViewModel.swift in Sources */ = {isa = PBXBuildFile; fileRef = 99CB86F8EBE738AFC4729ED5 /* QuestViewModel.swift */; };
		A168CB5AAEE112777DD2F755 /* ALIVEApp.swift in Sources */ = {isa = PBXBuildFile; fileRef = 9E62F536738FD6A3CB0ECF35 /* ALIVEApp.swift */; };
		A718D234C02FC703E1AEE73E /* ActivityKit.framework in Frameworks */ = {isa = PBXBuildFile; fileRef = 6AD39906D3B795A5F76FF884 /* ActivityKit.framework */; };
		A76E9B1E795FC6826EBD1CB2 /* LevelUpModalView.swift in Sources */ = {isa = PBXBuildFile; fileRef = 02B867A9834CF14AD0B70418 /* LevelUpModalView.swift */; };
		AC93A03ACE2F05E3F9907713 /* CharacterCreationView.swift in Sources */ = {isa = PBXBuildFile; fileRef = D8C30DFEFA65A88E8B6DBB8C /* CharacterCreationView.swift */; };
		AD558C4C19215C05A86F2F6E /* FocusLiveActivityManager.swift in Sources */ = {isa = PBXBuildFile; fileRef = 41F8EE8FA80E824A5949560F /* FocusLiveActivityManager.swift */; };
		AFD857799B0141BD54D3ABBA /* CharacterHUDHeader.swift in Sources */ = {isa = PBXBuildFile; fileRef = 04DDDEF09DF9EBC54FE46303 /* CharacterHUDHeader.swift */; };
		B0619AA5DBF49DD5F81371EA /* QuestProgressEngine.swift in Sources */ = {isa = PBXBuildFile; fileRef = 59E9469E31AF7699EA694360 /* QuestProgressEngine.swift */; };
		B0E125D6E9E51E9DDA28085F /* WidgetKit.framework in Frameworks */ = {isa = PBXBuildFile; fileRef = F2999CEC37B42A1C823EA759 /* WidgetKit.framework */; };
		B210DC3963F24B4C260E16F7 /* QuestProgressEngineTests.swift in Sources */ = {isa = PBXBuildFile; fileRef = D61F3B3DCA5243FCF18538A0 /* QuestProgressEngineTests.swift */; };
		B3F3E6A34477791CBBE8EE7A /* ALIVEWidgetSnapshot.swift in Sources */ = {isa = PBXBuildFile; fileRef = 7F3E5235B3EAFE2B5FD2471E /* ALIVEWidgetSnapshot.swift */; };
		B8FB0ACEBE2E436B2F65F3A5 /* Assets.xcassets in Resources */ = {isa = PBXBuildFile; fileRef = 670B5DC6D26573FDB59153F3 /* Assets.xcassets */; };
		BC5C6682620890EB715FD38A /* UserProfile.swift in Sources */ = {isa = PBXBuildFile; fileRef = 9DC3B51BFFA674317F687F8B /* UserProfile.swift */; };
		BD4517053E327FECECD0B419 /* BadgeVaultView.swift in Sources */ = {isa = PBXBuildFile; fileRef = 34227D9BC675C5C91AFD3B92 /* BadgeVaultView.swift */; };
		C18CD03B26449DCE4A2E2506 /* HapticManager.swift in Sources */ = {isa = PBXBuildFile; fileRef = 9B1277B1339B4D4334AE9845 /* HapticManager.swift */; };
		C35F01F26C8E2A0DFCF4AE8B /* QuestEngine.swift in Sources */ = {isa = PBXBuildFile; fileRef = 6146F50DB33AFA4F97EDEC41 /* QuestEngine.swift */; };
		C7852624E615CBA1E4968818 /* AttendanceViewModel.swift in Sources */ = {isa = PBXBuildFile; fileRef = EAF38DDB97BCBB90479381C2 /* AttendanceViewModel.swift */; };
		C863B22A1477E18445CB50AE /* WellnessView.swift in Sources */ = {isa = PBXBuildFile; fileRef = DB4791CF6845BFB061364817 /* WellnessView.swift */; };
		CAC30704FB4C8200BD76ED96 /* XPEngineTests.swift in Sources */ = {isa = PBXBuildFile; fileRef = 4E25D50C45A966C846C6B684 /* XPEngineTests.swift */; };
		D01B9C05E2E261C8CE6B0558 /* ActivityKit.framework in Frameworks */ = {isa = PBXBuildFile; fileRef = 6AD39906D3B795A5F76FF884 /* ActivityKit.framework */; };
		D08AD72E6DF55DCB33FEDA08 /* GlassCardStyle.swift in Sources */ = {isa = PBXBuildFile; fileRef = 6E60EE927E9172EA57A96A0F /* GlassCardStyle.swift */; };
		D158CE6417BDF1AD784AE411 /* ALIVEWidgets.appex in Embed App Extensions */ = {isa = PBXBuildFile; fileRef = 6AE84E3C67FEC2FEB39F5804 /* ALIVEWidgets.appex */; };
		D44A4F656930275B560AF809 /* AnalyticsViewModelTests.swift in Sources */ = {isa = PBXBuildFile; fileRef = 08D6F0EFBC4CBDA42C773686 /* AnalyticsViewModelTests.swift */; };
		D53271370CA1EBFA1F72DF50 /* Foundation.framework in Frameworks */ = {isa = PBXBuildFile; fileRef = 457F573F1832AAB549D5E94B /* Foundation.framework */; };
		DB278B151089CA256B6D2AF2 /* FocusActivityAttributes.swift in Sources */ = {isa = PBXBuildFile; fileRef = 82ABD4AB9845D257D27DA6E7 /* FocusActivityAttributes.swift */; };
		DF3F0A17BD8C51120E5B9914 /* QuestListView.swift in Sources */ = {isa = PBXBuildFile; fileRef = DC617D135FC2B7B49E4DBEBA /* QuestListView.swift */; };
		E3F9742526CADB9087EC1FDC /* HealthKitService.swift in Sources */ = {isa = PBXBuildFile; fileRef = 0BAC65BD8FC99F553A855C76 /* HealthKitService.swift */; };
		E5E40AE02CFBE05BE52E7E1F /* Foundation.framework in Frameworks */ = {isa = PBXBuildFile; fileRef = 457F573F1832AAB549D5E94B /* Foundation.framework */; };
		E6E231C51C0F37F1428AD7C8 /* ALIVERouter.swift in Sources */ = {isa = PBXBuildFile; fileRef = 400B1300B1A4CB93E678533B /* ALIVERouter.swift */; };
		E95C62F6115BFFD9184AC4BD /* SkillTreeSeedFactory.swift in Sources */ = {isa = PBXBuildFile; fileRef = 0C56ECF72C1D9400DB76514C /* SkillTreeSeedFactory.swift */; };
		EF95B5530BA650465177EE1E /* UserNotifications.framework in Frameworks */ = {isa = PBXBuildFile; fileRef = 97CCAC94ED47202660FD3337 /* UserNotifications.framework */; };
		FBE6F90F64CA485B4A9B920D /* AuthService.swift in Sources */ = {isa = PBXBuildFile; fileRef = B17AED73E11D58EF73574721 /* AuthService.swift */; };
/* End PBXBuildFile section */

/* Begin PBXContainerItemProxy section */
		353DA9F68D2FC65F6959760E /* PBXContainerItemProxy */ = {
			isa = PBXContainerItemProxy;
			containerPortal = 32C9BAF6EB91B37CA1CDA740 /* Project object */;
			proxyType = 1;
			remoteGlobalIDString = 2AE6A7D23D6D6A80CAA5D60B;
			remoteInfo = ALIVE;
		};
		F0551221078D45AC17DF0BA2 /* PBXContainerItemProxy */ = {
			isa = PBXContainerItemProxy;
			containerPortal = 32C9BAF6EB91B37CA1CDA740 /* Project object */;
			proxyType = 1;
			remoteGlobalIDString = 84BA00B5AB7E3C75841BB4D7;
			remoteInfo = ALIVEWidgets;
		};
/* End PBXContainerItemProxy section */

/* Begin PBXCopyFilesBuildPhase section */
		12F97313FC2E82CC773D8D6B /* Embed App Extensions */ = {
			isa = PBXCopyFilesBuildPhase;
			buildActionMask = 2147483647;
			dstPath = "";
			dstSubfolderSpec = 13;
			files = (
				D158CE6417BDF1AD784AE411 /* ALIVEWidgets.appex in Embed App Extensions */,
			);
			name = "Embed App Extensions";
			runOnlyForDeploymentPostprocessing = 0;
		};
/* End PBXCopyFilesBuildPhase section */

/* Begin PBXFileReference section */
		00735F372B0C9793C8CD088C /* SkillNodeDetailView.swift */ = {isa = PBXFileReference; includeInIndex = 1; lastKnownFileType = sourcecode.swift; name = SkillNodeDetailView.swift; path = ALIVE/Views/SkillTree/SkillNodeDetailView.swift; sourceTree = "<group>"; };
		02B867A9834CF14AD0B70418 /* LevelUpModalView.swift */ = {isa = PBXFileReference; includeInIndex = 1; lastKnownFileType = sourcecode.swift; name = LevelUpModalView.swift; path = ALIVE/Views/Dashboard/LevelUpModalView.swift; sourceTree = "<group>"; };
		04DDDEF09DF9EBC54FE46303 /* CharacterHUDHeader.swift */ = {isa = PBXFileReference; includeInIndex = 1; lastKnownFileType = sourcecode.swift; name = CharacterHUDHeader.swift; path = ALIVE/Views/Dashboard/CharacterHUDHeader.swift; sourceTree = "<group>"; };
		08D6F0EFBC4CBDA42C773686 /* AnalyticsViewModelTests.swift */ = {isa = PBXFileReference; includeInIndex = 1; lastKnownFileType = sourcecode.swift; name = AnalyticsViewModelTests.swift; path = ALIVE/Tests/AnalyticsViewModelTests.swift; sourceTree = "<group>"; };
		0BAC65BD8FC99F553A855C76 /* HealthKitService.swift */ = {isa = PBXFileReference; includeInIndex = 1; lastKnownFileType = sourcecode.swift; name = HealthKitService.swift; path = ALIVE/Services/HealthKitService.swift; sourceTree = "<group>"; };
		0C56ECF72C1D9400DB76514C /* SkillTreeSeedFactory.swift */ = {isa = PBXFileReference; includeInIndex = 1; lastKnownFileType = sourcecode.swift; name = SkillTreeSeedFactory.swift; path = ALIVE/Services/SkillTreeSeedFactory.swift; sourceTree = "<group>"; };
		0CB1918DFA2D26B858651918 /* AuthView.swift */ = {isa = PBXFileReference; includeInIndex = 1; lastKnownFileType = sourcecode.swift; name = AuthView.swift; path = ALIVE/Views/Auth/AuthView.swift; sourceTree = "<group>"; };
		10FE21F1B1730BE37B8316DA /* ALIVEModelContainer.swift */ = {isa = PBXFileReference; includeInIndex = 1; lastKnownFileType = sourcecode.swift; name = ALIVEModelContainer.swift; path = ALIVE/App/ALIVEModelContainer.swift; sourceTree = "<group>"; };
		1139C2A66CE8C13169081116 /* ALIVETests.xctest */ = {isa = PBXFileReference; explicitFileType = wrapper.cfbundle; includeInIndex = 0; path = ALIVETests.xctest; sourceTree = BUILT_PRODUCTS_DIR; };
		14EE36931A67CCF4C25B65A3 /* ALIVEWidgets.swift */ = {isa = PBXFileReference; includeInIndex = 1; lastKnownFileType = sourcecode.swift; name = ALIVEWidgets.swift; path = ALIVE/Extensions/ALIVEWidgets/ALIVEWidgets.swift; sourceTree = "<group>"; };
		1AD905319EE8B33C8F490DEC /* SkillTreeCanvasView.swift */ = {isa = PBXFileReference; includeInIndex = 1; lastKnownFileType = sourcecode.swift; name = SkillTreeCanvasView.swift; path = ALIVE/Views/SkillTree/SkillTreeCanvasView.swift; sourceTree = "<group>"; };
		23C13D13F052C575F448C545 /* ALIVE.app */ = {isa = PBXFileReference; explicitFileType = wrapper.application; includeInIndex = 0; path = ALIVE.app; sourceTree = BUILT_PRODUCTS_DIR; };
		247737B8A3435D0C04F69272 /* PersistenceService.swift */ = {isa = PBXFileReference; includeInIndex = 1; lastKnownFileType = sourcecode.swift; name = PersistenceService.swift; path = ALIVE/Services/PersistenceService.swift; sourceTree = "<group>"; };
		2BAA66D6C56F49821FCB38B9 /* FocusSessionView.swift */ = {isa = PBXFileReference; includeInIndex = 1; lastKnownFileType = sourcecode.swift; name = FocusSessionView.swift; path = ALIVE/Views/Focus/FocusSessionView.swift; sourceTree = "<group>"; };
		30D6405DCBD2ADF2E8179C1D /* XPTransaction.swift */ = {isa = PBXFileReference; includeInIndex = 1; lastKnownFileType = sourcecode.swift; name = XPTransaction.swift; path = ALIVE/Models/XPTransaction.swift; sourceTree = "<group>"; };
		34227D9BC675C5C91AFD3B92 /* BadgeVaultView.swift */ = {isa = PBXFileReference; includeInIndex = 1; lastKnownFileType = sourcecode.swift; name = BadgeVaultView.swift; path = ALIVE/Views/Achievements/BadgeVaultView.swift; sourceTree = "<group>"; };
		35E6AD7072A6D808D2DAEBF9 /* ColorPalette.swift */ = {isa = PBXFileReference; includeInIndex = 1; lastKnownFileType = sourcecode.swift; name = ColorPalette.swift; path = ALIVE/Theme/ColorPalette.swift; sourceTree = "<group>"; };
		392799980D9C1EC3FBAA7038 /* FocusActivityAttributes.swift */ = {isa = PBXFileReference; includeInIndex = 1; lastKnownFileType = sourcecode.swift; name = FocusActivityAttributes.swift; path = ALIVE/Shared/FocusActivityAttributes.swift; sourceTree = "<group>"; };
		400B1300B1A4CB93E678533B /* ALIVERouter.swift */ = {isa = PBXFileReference; includeInIndex = 1; lastKnownFileType = sourcecode.swift; name = ALIVERouter.swift; path = ALIVE/App/ALIVERouter.swift; sourceTree = "<group>"; };
		41F8EE8FA80E824A5949560F /* FocusLiveActivityManager.swift */ = {isa = PBXFileReference; includeInIndex = 1; lastKnownFileType = sourcecode.swift; name = FocusLiveActivityManager.swift; path = ALIVE/Services/FocusLiveActivityManager.swift; sourceTree = "<group>"; };
		425296D0B1D9CDE352668C9E /* StudySession.swift */ = {isa = PBXFileReference; includeInIndex = 1; lastKnownFileType = sourcecode.swift; name = StudySession.swift; path = ALIVE/Models/StudySession.swift; sourceTree = "<group>"; };
		457F573F1832AAB549D5E94B /* Foundation.framework */ = {isa = PBXFileReference; lastKnownFileType = wrapper.framework; name = Foundation.framework; path = System/Library/Frameworks/Foundation.framework; sourceTree = SDKROOT; };
		473B936056C2204E121CD4BF /* HealthKit.framework */ = {isa = PBXFileReference; lastKnownFileType = wrapper.framework; name = HealthKit.framework; path = System/Library/Frameworks/HealthKit.framework; sourceTree = SDKROOT; };
		49E97A5A2DB145EEB30603A0 /* ProfileViewModel.swift */ = {isa = PBXFileReference; includeInIndex = 1; lastKnownFileType = sourcecode.swift; name = ProfileViewModel.swift; path = ALIVE/ViewModels/ProfileViewModel.swift; sourceTree = "<group>"; };
		4E25D50C45A966C846C6B684 /* XPEngineTests.swift */ = {isa = PBXFileReference; includeInIndex = 1; lastKnownFileType = sourcecode.swift; name = XPEngineTests.swift; path = ALIVE/Tests/XPEngineTests.swift; sourceTree = "<group>"; };
		4E96A5CC19F4F0A781081240 /* QuestCardView.swift */ = {isa = PBXFileReference; includeInIndex = 1; lastKnownFileType = sourcecode.swift; name = QuestCardView.swift; path = ALIVE/Views/Quests/QuestCardView.swift; sourceTree = "<group>"; };
		552DC69E08E4A3BC1D75BAFD /* Quest.swift */ = {isa = PBXFileReference; includeInIndex = 1; lastKnownFileType = sourcecode.swift; name = Quest.swift; path = ALIVE/Models/Quest.swift; sourceTree = "<group>"; };
		59E9469E31AF7699EA694360 /* QuestProgressEngine.swift */ = {isa = PBXFileReference; includeInIndex = 1; lastKnownFileType = sourcecode.swift; name = QuestProgressEngine.swift; path = ALIVE/Services/QuestProgressEngine.swift; sourceTree = "<group>"; };
		6146F50DB33AFA4F97EDEC41 /* QuestEngine.swift */ = {isa = PBXFileReference; includeInIndex = 1; lastKnownFileType = sourcecode.swift; name = QuestEngine.swift; path = ALIVE/Services/QuestEngine.swift; sourceTree = "<group>"; };
		6172E85F30456564CB89554E /* FocusNotificationService.swift */ = {isa = PBXFileReference; includeInIndex = 1; lastKnownFileType = sourcecode.swift; name = FocusNotificationService.swift; path = ALIVE/Services/FocusNotificationService.swift; sourceTree = "<group>"; };
		670B5DC6D26573FDB59153F3 /* Assets.xcassets */ = {isa = PBXFileReference; includeInIndex = 1; lastKnownFileType = folder.assetcatalog; name = Assets.xcassets; path = ALIVE/Assets.xcassets; sourceTree = "<group>"; };
		6AD39906D3B795A5F76FF884 /* ActivityKit.framework */ = {isa = PBXFileReference; lastKnownFileType = wrapper.framework; name = ActivityKit.framework; path = System/Library/Frameworks/ActivityKit.framework; sourceTree = SDKROOT; };
		6AE84E3C67FEC2FEB39F5804 /* ALIVEWidgets.appex */ = {isa = PBXFileReference; explicitFileType = "wrapper.app-extension"; includeInIndex = 0; path = ALIVEWidgets.appex; sourceTree = BUILT_PRODUCTS_DIR; };
		6E60EE927E9172EA57A96A0F /* GlassCardStyle.swift */ = {isa = PBXFileReference; includeInIndex = 1; lastKnownFileType = sourcecode.swift; name = GlassCardStyle.swift; path = ALIVE/Theme/GlassCardStyle.swift; sourceTree = "<group>"; };
		778183CDD7A2F243DDC5FF17 /* ALIVEWidgetSnapshot.swift */ = {isa = PBXFileReference; includeInIndex = 1; lastKnownFileType = sourcecode.swift; name = ALIVEWidgetSnapshot.swift; path = ALIVE/Shared/ALIVEWidgetSnapshot.swift; sourceTree = "<group>"; };
		7CC1B06D5A753222130193DD /* ParticleEffectView.swift */ = {isa = PBXFileReference; includeInIndex = 1; lastKnownFileType = sourcecode.swift; name = ParticleEffectView.swift; path = ALIVE/Theme/ParticleEffectView.swift; sourceTree = "<group>"; };
		7D91966FA8695273F36533EF /* WidgetSnapshotService.swift */ = {isa = PBXFileReference; includeInIndex = 1; lastKnownFileType = sourcecode.swift; name = WidgetSnapshotService.swift; path = ALIVE/Services/WidgetSnapshotService.swift; sourceTree = "<group>"; };
		7F3E5235B3EAFE2B5FD2471E /* ALIVEWidgetSnapshot.swift */ = {isa = PBXFileReference; includeInIndex = 1; lastKnownFileType = sourcecode.swift; name = ALIVEWidgetSnapshot.swift; path = ALIVE/Shared/ALIVEWidgetSnapshot.swift; sourceTree = "<group>"; };
		8273F18A33DE213B660FAF11 /* SkillNode.swift */ = {isa = PBXFileReference; includeInIndex = 1; lastKnownFileType = sourcecode.swift; name = SkillNode.swift; path = ALIVE/Models/SkillNode.swift; sourceTree = "<group>"; };
		82ABD4AB9845D257D27DA6E7 /* FocusActivityAttributes.swift */ = {isa = PBXFileReference; includeInIndex = 1; lastKnownFileType = sourcecode.swift; name = FocusActivityAttributes.swift; path = ALIVE/Shared/FocusActivityAttributes.swift; sourceTree = "<group>"; };
		8DC244890A9D999E5D33B361 /* DailyQuestService.swift */ = {isa = PBXFileReference; includeInIndex = 1; lastKnownFileType = sourcecode.swift; name = DailyQuestService.swift; path = ALIVE/Services/DailyQuestService.swift; sourceTree = "<group>"; };
		924DF3EA46653695509C0A34 /* QuestEngineTests.swift */ = {isa = PBXFileReference; includeInIndex = 1; lastKnownFileType = sourcecode.swift; name = QuestEngineTests.swift; path = ALIVE/Tests/QuestEngineTests.swift; sourceTree = "<group>"; };
		97CCAC94ED47202660FD3337 /* UserNotifications.framework */ = {isa = PBXFileReference; lastKnownFileType = wrapper.framework; name = UserNotifications.framework; path = System/Library/Frameworks/UserNotifications.framework; sourceTree = SDKROOT; };
		99CB86F8EBE738AFC4729ED5 /* QuestViewModel.swift */ = {isa = PBXFileReference; includeInIndex = 1; lastKnownFileType = sourcecode.swift; name = QuestViewModel.swift; path = ALIVE/ViewModels/QuestViewModel.swift; sourceTree = "<group>"; };
		9B1277B1339B4D4334AE9845 /* HapticManager.swift */ = {isa = PBXFileReference; includeInIndex = 1; lastKnownFileType = sourcecode.swift; name = HapticManager.swift; path = ALIVE/Services/HapticManager.swift; sourceTree = "<group>"; };
		9DC3B51BFFA674317F687F8B /* UserProfile.swift */ = {isa = PBXFileReference; includeInIndex = 1; lastKnownFileType = sourcecode.swift; name = UserProfile.swift; path = ALIVE/Models/UserProfile.swift; sourceTree = "<group>"; };
		9E62F536738FD6A3CB0ECF35 /* ALIVEApp.swift */ = {isa = PBXFileReference; includeInIndex = 1; lastKnownFileType = sourcecode.swift; name = ALIVEApp.swift; path = ALIVE/App/ALIVEApp.swift; sourceTree = "<group>"; };
		A12027CEBE08715718E0C2EF /* DailyQuestServiceTests.swift */ = {isa = PBXFileReference; includeInIndex = 1; lastKnownFileType = sourcecode.swift; name = DailyQuestServiceTests.swift; path = ALIVE/Tests/DailyQuestServiceTests.swift; sourceTree = "<group>"; };
		A49D3D7387835D99B66D191D /* CharacterClass.swift */ = {isa = PBXFileReference; includeInIndex = 1; lastKnownFileType = sourcecode.swift; name = CharacterClass.swift; path = ALIVE/Models/CharacterClass.swift; sourceTree = "<group>"; };
		A50950B504A9E120C7A20804 /* Achievement.swift */ = {isa = PBXFileReference; includeInIndex = 1; lastKnownFileType = sourcecode.swift; name = Achievement.swift; path = ALIVE/Models/Achievement.swift; sourceTree = "<group>"; };
		A9D902F0D5F4F55CD1F6EE0E /* MainTabView.swift */ = {isa = PBXFileReference; includeInIndex = 1; lastKnownFileType = sourcecode.swift; name = MainTabView.swift; path = ALIVE/Views/MainTabView.swift; sourceTree = "<group>"; };
		AA572DDAD1DB5659A60E1DD3 /* DashboardView.swift */ = {isa = PBXFileReference; includeInIndex = 1; lastKnownFileType = sourcecode.swift; name = DashboardView.swift; path = ALIVE/Views/Dashboard/DashboardView.swift; sourceTree = "<group>"; };
		AEA2AF84E81A109417425C2D /* ALIVERouterTests.swift */ = {isa = PBXFileReference; includeInIndex = 1; lastKnownFileType = sourcecode.swift; name = ALIVERouterTests.swift; path = ALIVE/Tests/ALIVERouterTests.swift; sourceTree = "<group>"; };
		B17AED73E11D58EF73574721 /* AuthService.swift */ = {isa = PBXFileReference; includeInIndex = 1; lastKnownFileType = sourcecode.swift; name = AuthService.swift; path = ALIVE/Services/AuthService.swift; sourceTree = "<group>"; };
		BD1AB0D98FC608F1AD23A108 /* FocusViewModel.swift */ = {isa = PBXFileReference; includeInIndex = 1; lastKnownFileType = sourcecode.swift; name = FocusViewModel.swift; path = ALIVE/ViewModels/FocusViewModel.swift; sourceTree = "<group>"; };
		BD7DE1714C0C1DC0B5F6A6DA /* MockDataGenerator.swift */ = {isa = PBXFileReference; includeInIndex = 1; lastKnownFileType = sourcecode.swift; name = MockDataGenerator.swift; path = ALIVE/Services/MockDataGenerator.swift; sourceTree = "<group>"; };
		C517B4612EAE5C33F83B3CA7 /* AttendanceCalculatorTests.swift */ = {isa = PBXFileReference; includeInIndex = 1; lastKnownFileType = sourcecode.swift; name = AttendanceCalculatorTests.swift; path = ALIVE/Tests/AttendanceCalculatorTests.swift; sourceTree = "<group>"; };
		C59E1E230CB17D63468B0A87 /* SkillTreeViewModel.swift */ = {isa = PBXFileReference; includeInIndex = 1; lastKnownFileType = sourcecode.swift; name = SkillTreeViewModel.swift; path = ALIVE/ViewModels/SkillTreeViewModel.swift; sourceTree = "<group>"; };
		C7BBB9AD41F4B468576D04D7 /* AuthViewModel.swift */ = {isa = PBXFileReference; includeInIndex = 1; lastKnownFileType = sourcecode.swift; name = AuthViewModel.swift; path = ALIVE/ViewModels/AuthViewModel.swift; sourceTree = "<group>"; };
		CFCB8E1F195E6BAA3101A97F /* AnalyticsView.swift */ = {isa = PBXFileReference; includeInIndex = 1; lastKnownFileType = sourcecode.swift; name = AnalyticsView.swift; path = ALIVE/Views/Focus/AnalyticsView.swift; sourceTree = "<group>"; };
		D61F3B3DCA5243FCF18538A0 /* QuestProgressEngineTests.swift */ = {isa = PBXFileReference; includeInIndex = 1; lastKnownFileType = sourcecode.swift; name = QuestProgressEngineTests.swift; path = ALIVE/Tests/QuestProgressEngineTests.swift; sourceTree = "<group>"; };
		D71690DAF30001B15B96F2A5 /* SwiftDataModelTests.swift */ = {isa = PBXFileReference; includeInIndex = 1; lastKnownFileType = sourcecode.swift; name = SwiftDataModelTests.swift; path = ALIVE/Tests/SwiftDataModelTests.swift; sourceTree = "<group>"; };
		D8C30DFEFA65A88E8B6DBB8C /* CharacterCreationView.swift */ = {isa = PBXFileReference; includeInIndex = 1; lastKnownFileType = sourcecode.swift; name = CharacterCreationView.swift; path = ALIVE/Views/Auth/CharacterCreationView.swift; sourceTree = "<group>"; };
		DB4791CF6845BFB061364817 /* WellnessView.swift */ = {isa = PBXFileReference; includeInIndex = 1; lastKnownFileType = sourcecode.swift; name = WellnessView.swift; path = ALIVE/Views/Wellness/WellnessView.swift; sourceTree = "<group>"; };
		DC617D135FC2B7B49E4DBEBA /* QuestListView.swift */ = {isa = PBXFileReference; includeInIndex = 1; lastKnownFileType = sourcecode.swift; name = QuestListView.swift; path = ALIVE/Views/Quests/QuestListView.swift; sourceTree = "<group>"; };
		E13CDEACF654CBB6F77F1609 /* Course.swift */ = {isa = PBXFileReference; includeInIndex = 1; lastKnownFileType = sourcecode.swift; name = Course.swift; path = ALIVE/Models/Course.swift; sourceTree = "<group>"; };
		E4770A5F885F90932BFD164B /* XPEngine.swift */ = {isa = PBXFileReference; includeInIndex = 1; lastKnownFileType = sourcecode.swift; name = XPEngine.swift; path = ALIVE/Services/XPEngine.swift; sourceTree = "<group>"; };
		E79E6326619116E5D151D608 /* AnalyticsViewModel.swift */ = {isa = PBXFileReference; includeInIndex = 1; lastKnownFileType = sourcecode.swift; name = AnalyticsViewModel.swift; path = ALIVE/ViewModels/AnalyticsViewModel.swift; sourceTree = "<group>"; };
		E9C0846D9B6876A771BA610A /* FocusSessionTests.swift */ = {isa = PBXFileReference; includeInIndex = 1; lastKnownFileType = sourcecode.swift; name = FocusSessionTests.swift; path = ALIVE/Tests/FocusSessionTests.swift; sourceTree = "<group>"; };
		EAF38DDB97BCBB90479381C2 /* AttendanceViewModel.swift */ = {isa = PBXFileReference; includeInIndex = 1; lastKnownFileType = sourcecode.swift; name = AttendanceViewModel.swift; path = ALIVE/ViewModels/AttendanceViewModel.swift; sourceTree = "<group>"; };
		F16A6A38C80E1A8362EF8B5B /* AttendanceTrackerView.swift */ = {isa = PBXFileReference; includeInIndex = 1; lastKnownFileType = sourcecode.swift; name = AttendanceTrackerView.swift; path = ALIVE/Views/Academics/AttendanceTrackerView.swift; sourceTree = "<group>"; };
		F2999CEC37B42A1C823EA759 /* WidgetKit.framework */ = {isa = PBXFileReference; lastKnownFileType = wrapper.framework; name = WidgetKit.framework; path = System/Library/Frameworks/WidgetKit.framework; sourceTree = SDKROOT; };
		F5CD7B40DC6A80D12AEBBC45 /* ALIVEAppIntents.swift */ = {isa = PBXFileReference; includeInIndex = 1; lastKnownFileType = sourcecode.swift; name = ALIVEAppIntents.swift; path = ALIVE/Intents/ALIVEAppIntents.swift; sourceTree = "<group>"; };
/* End PBXFileReference section */

/* Begin PBXFrameworksBuildPhase section */
		604D5E66D83256B501B5086D /* Frameworks */ = {
			isa = PBXFrameworksBuildPhase;
			buildActionMask = 2147483647;
			files = (
				D53271370CA1EBFA1F72DF50 /* Foundation.framework in Frameworks */,
				A718D234C02FC703E1AEE73E /* ActivityKit.framework in Frameworks */,
				244AC08BDC7C82DE6B4FDBB3 /* WidgetKit.framework in Frameworks */,
			);
			runOnlyForDeploymentPostprocessing = 0;
		};
		E1DF1212A8147AC1069AAC40 /* Frameworks */ = {
			isa = PBXFrameworksBuildPhase;
			buildActionMask = 2147483647;
			files = (
				E5E40AE02CFBE05BE52E7E1F /* Foundation.framework in Frameworks */,
			);
			runOnlyForDeploymentPostprocessing = 0;
		};
		F16018AEA16A6C0F0A39ECAA /* Frameworks */ = {
			isa = PBXFrameworksBuildPhase;
			buildActionMask = 2147483647;
			files = (
				4398F9C454BAAACC1B87DB6A /* Foundation.framework in Frameworks */,
				D01B9C05E2E261C8CE6B0558 /* ActivityKit.framework in Frameworks */,
				99E8401BE9FDD37A9DDBFCBD /* HealthKit.framework in Frameworks */,
				EF95B5530BA650465177EE1E /* UserNotifications.framework in Frameworks */,
				B0E125D6E9E51E9DDA28085F /* WidgetKit.framework in Frameworks */,
			);
			runOnlyForDeploymentPostprocessing = 0;
		};
/* End PBXFrameworksBuildPhase section */

/* Begin PBXGroup section */
		2ABFB141E5EE7075C956BD33 /* ALIVE Widgets */ = {
			isa = PBXGroup;
			children = (
				14EE36931A67CCF4C25B65A3 /* ALIVEWidgets.swift */,
				7F3E5235B3EAFE2B5FD2471E /* ALIVEWidgetSnapshot.swift */,
				392799980D9C1EC3FBAA7038 /* FocusActivityAttributes.swift */,
			);
			name = "ALIVE Widgets";
			sourceTree = "<group>";
		};
		70419B8AADE0FC62379263C2 /* Products */ = {
			isa = PBXGroup;
			children = (
				23C13D13F052C575F448C545 /* ALIVE.app */,
				6AE84E3C67FEC2FEB39F5804 /* ALIVEWidgets.appex */,
				1139C2A66CE8C13169081116 /* ALIVETests.xctest */,
			);
			name = Products;
			sourceTree = "<group>";
		};
		7322F3F35785F86A32570166 = {
			isa = PBXGroup;
			children = (
				70419B8AADE0FC62379263C2 /* Products */,
				99B6B4CCF6938F6BEB5981DC /* Frameworks */,
				BD1AB0D98FC608F1AD23A108 /* FocusViewModel.swift */,
				C59E1E230CB17D63468B0A87 /* SkillTreeViewModel.swift */,
				C7BBB9AD41F4B468576D04D7 /* AuthViewModel.swift */,
				99CB86F8EBE738AFC4729ED5 /* QuestViewModel.swift */,
				49E97A5A2DB145EEB30603A0 /* ProfileViewModel.swift */,
				EAF38DDB97BCBB90479381C2 /* AttendanceViewModel.swift */,
				E79E6326619116E5D151D608 /* AnalyticsViewModel.swift */,
				10FE21F1B1730BE37B8316DA /* ALIVEModelContainer.swift */,
				9E62F536738FD6A3CB0ECF35 /* ALIVEApp.swift */,
				400B1300B1A4CB93E678533B /* ALIVERouter.swift */,
				778183CDD7A2F243DDC5FF17 /* ALIVEWidgetSnapshot.swift */,
				82ABD4AB9845D257D27DA6E7 /* FocusActivityAttributes.swift */,
				A49D3D7387835D99B66D191D /* CharacterClass.swift */,
				552DC69E08E4A3BC1D75BAFD /* Quest.swift */,
				8273F18A33DE213B660FAF11 /* SkillNode.swift */,
				9DC3B51BFFA674317F687F8B /* UserProfile.swift */,
				E13CDEACF654CBB6F77F1609 /* Course.swift */,
				A50950B504A9E120C7A20804 /* Achievement.swift */,
				425296D0B1D9CDE352668C9E /* StudySession.swift */,
				30D6405DCBD2ADF2E8179C1D /* XPTransaction.swift */,
				7CC1B06D5A753222130193DD /* ParticleEffectView.swift */,
				35E6AD7072A6D808D2DAEBF9 /* ColorPalette.swift */,
				6E60EE927E9172EA57A96A0F /* GlassCardStyle.swift */,
				F5CD7B40DC6A80D12AEBBC45 /* ALIVEAppIntents.swift */,
				4E96A5CC19F4F0A781081240 /* QuestCardView.swift */,
				DC617D135FC2B7B49E4DBEBA /* QuestListView.swift */,
				A9D902F0D5F4F55CD1F6EE0E /* MainTabView.swift */,
				F16A6A38C80E1A8362EF8B5B /* AttendanceTrackerView.swift */,
				34227D9BC675C5C91AFD3B92 /* BadgeVaultView.swift */,
				00735F372B0C9793C8CD088C /* SkillNodeDetailView.swift */,
				1AD905319EE8B33C8F490DEC /* SkillTreeCanvasView.swift */,
				DB4791CF6845BFB061364817 /* WellnessView.swift */,
				D8C30DFEFA65A88E8B6DBB8C /* CharacterCreationView.swift */,
				0CB1918DFA2D26B858651918 /* AuthView.swift */,
				2BAA66D6C56F49821FCB38B9 /* FocusSessionView.swift */,
				CFCB8E1F195E6BAA3101A97F /* AnalyticsView.swift */,
				AA572DDAD1DB5659A60E1DD3 /* DashboardView.swift */,
				02B867A9834CF14AD0B70418 /* LevelUpModalView.swift */,
				04DDDEF09DF9EBC54FE46303 /* CharacterHUDHeader.swift */,
				59E9469E31AF7699EA694360 /* QuestProgressEngine.swift */,
				8DC244890A9D999E5D33B361 /* DailyQuestService.swift */,
				9B1277B1339B4D4334AE9845 /* HapticManager.swift */,
				E4770A5F885F90932BFD164B /* XPEngine.swift */,
				247737B8A3435D0C04F69272 /* PersistenceService.swift */,
				6172E85F30456564CB89554E /* FocusNotificationService.swift */,
				0C56ECF72C1D9400DB76514C /* SkillTreeSeedFactory.swift */,
				6146F50DB33AFA4F97EDEC41 /* QuestEngine.swift */,
				B17AED73E11D58EF73574721 /* AuthService.swift */,
				0BAC65BD8FC99F553A855C76 /* HealthKitService.swift */,
				41F8EE8FA80E824A5949560F /* FocusLiveActivityManager.swift */,
				7D91966FA8695273F36533EF /* WidgetSnapshotService.swift */,
				BD7DE1714C0C1DC0B5F6A6DA /* MockDataGenerator.swift */,
				670B5DC6D26573FDB59153F3 /* Assets.xcassets */,
				2ABFB141E5EE7075C956BD33 /* ALIVE Widgets */,
				08D6F0EFBC4CBDA42C773686 /* AnalyticsViewModelTests.swift */,
				C517B4612EAE5C33F83B3CA7 /* AttendanceCalculatorTests.swift */,
				4E25D50C45A966C846C6B684 /* XPEngineTests.swift */,
				AEA2AF84E81A109417425C2D /* ALIVERouterTests.swift */,
				D61F3B3DCA5243FCF18538A0 /* QuestProgressEngineTests.swift */,
				924DF3EA46653695509C0A34 /* QuestEngineTests.swift */,
				E9C0846D9B6876A771BA610A /* FocusSessionTests.swift */,
				A12027CEBE08715718E0C2EF /* DailyQuestServiceTests.swift */,
				D71690DAF30001B15B96F2A5 /* SwiftDataModelTests.swift */,
			);
			sourceTree = "<group>";
		};
		7C5B8B26D2E5929A9F668F3F /* iOS */ = {
			isa = PBXGroup;
			children = (
				457F573F1832AAB549D5E94B /* Foundation.framework */,
				6AD39906D3B795A5F76FF884 /* ActivityKit.framework */,
				473B936056C2204E121CD4BF /* HealthKit.framework */,
				97CCAC94ED47202660FD3337 /* UserNotifications.framework */,
				F2999CEC37B42A1C823EA759 /* WidgetKit.framework */,
			);
			name = iOS;
			sourceTree = "<group>";
		};
		99B6B4CCF6938F6BEB5981DC /* Frameworks */ = {
			isa = PBXGroup;
			children = (
				7C5B8B26D2E5929A9F668F3F /* iOS */,
			);
			name = Frameworks;
			sourceTree = "<group>";
		};
/* End PBXGroup section */

/* Begin PBXNativeTarget section */
		202F952B2A477FE1970A8001 /* ALIVETests */ = {
			isa = PBXNativeTarget;
			buildConfigurationList = 27B76EE8F3065096E6D126DE /* Build configuration list for PBXNativeTarget "ALIVETests" */;
			buildPhases = (
				A433054D5606B8ABCE9F2D1E /* Sources */,
				E1DF1212A8147AC1069AAC40 /* Frameworks */,
				171ED19CA78BD3654B840BA5 /* Resources */,
			);
			buildRules = (
			);
			dependencies = (
				253436DB2EF87532EB17C244 /* PBXTargetDependency */,
			);
			name = ALIVETests;
			productName = ALIVETests;
			productReference = 1139C2A66CE8C13169081116 /* ALIVETests.xctest */;
			productType = "com.apple.product-type.bundle.unit-test";
		};
		2AE6A7D23D6D6A80CAA5D60B /* ALIVE */ = {
			isa = PBXNativeTarget;
			buildConfigurationList = 38902A73D86C3CA898D5208E /* Build configuration list for PBXNativeTarget "ALIVE" */;
			buildPhases = (
				51D07C090365B56E478B4B10 /* Sources */,
				F16018AEA16A6C0F0A39ECAA /* Frameworks */,
				3CABC70B4A29CB8D9B72FB2E /* Resources */,
				12F97313FC2E82CC773D8D6B /* Embed App Extensions */,
			);
			buildRules = (
			);
			dependencies = (
				44453836975AE01AA0C1C30C /* PBXTargetDependency */,
			);
			name = ALIVE;
			productName = ALIVE;
			productReference = 23C13D13F052C575F448C545 /* ALIVE.app */;
			productType = "com.apple.product-type.application";
		};
		84BA00B5AB7E3C75841BB4D7 /* ALIVEWidgets */ = {
			isa = PBXNativeTarget;
			buildConfigurationList = FF4ED141A254E4918BB735CC /* Build configuration list for PBXNativeTarget "ALIVEWidgets" */;
			buildPhases = (
				6F5E179C7C2A7F69239A70A2 /* Sources */,
				604D5E66D83256B501B5086D /* Frameworks */,
				5CBDB02CE5C65D0998ECB749 /* Resources */,
			);
			buildRules = (
			);
			dependencies = (
			);
			name = ALIVEWidgets;
			productName = ALIVEWidgets;
			productReference = 6AE84E3C67FEC2FEB39F5804 /* ALIVEWidgets.appex */;
			productType = "com.apple.product-type.app-extension";
		};
/* End PBXNativeTarget section */

/* Begin PBXProject section */
		32C9BAF6EB91B37CA1CDA740 /* Project object */ = {
			isa = PBXProject;
			attributes = {
				LastSwiftUpdateCheck = 1600;
				LastUpgradeCheck = 1600;
			};
			buildConfigurationList = A739977A7CD96BCFBF1BC557 /* Build configuration list for PBXProject "alive" */;
			compatibilityVersion = "Xcode 3.2";
			developmentRegion = en;
			hasScannedForEncodings = 0;
			knownRegions = (
				en,
				Base,
			);
			mainGroup = 7322F3F35785F86A32570166;
			minimizedProjectReferenceProxies = 0;
			preferredProjectObjectVersion = 77;
			productRefGroup = 70419B8AADE0FC62379263C2 /* Products */;
			projectDirPath = "";
			projectRoot = "";
			targets = (
				2AE6A7D23D6D6A80CAA5D60B /* ALIVE */,
				84BA00B5AB7E3C75841BB4D7 /* ALIVEWidgets */,
				202F952B2A477FE1970A8001 /* ALIVETests */,
			);
		};
/* End PBXProject section */

/* Begin PBXResourcesBuildPhase section */
		171ED19CA78BD3654B840BA5 /* Resources */ = {
			isa = PBXResourcesBuildPhase;
			buildActionMask = 2147483647;
			files = (
			);
			runOnlyForDeploymentPostprocessing = 0;
		};
		3CABC70B4A29CB8D9B72FB2E /* Resources */ = {
			isa = PBXResourcesBuildPhase;
			buildActionMask = 2147483647;
			files = (
				B8FB0ACEBE2E436B2F65F3A5 /* Assets.xcassets in Resources */,
			);
			runOnlyForDeploymentPostprocessing = 0;
		};
		5CBDB02CE5C65D0998ECB749 /* Resources */ = {
			isa = PBXResourcesBuildPhase;
			buildActionMask = 2147483647;
			files = (
			);
			runOnlyForDeploymentPostprocessing = 0;
		};
/* End PBXResourcesBuildPhase section */

/* Begin PBXSourcesBuildPhase section */
		51D07C090365B56E478B4B10 /* Sources */ = {
			isa = PBXSourcesBuildPhase;
			buildActionMask = 2147483647;
			files = (
				8AAC1FE8C03E6D45EDDB447A /* FocusViewModel.swift in Sources */,
				858C12C3F1607B0453782180 /* SkillTreeViewModel.swift in Sources */,
				0901106F22BDD5D328177A18 /* AuthViewModel.swift in Sources */,
				9B12E3CE4A54D5A9595F4FDC /* QuestViewModel.swift in Sources */,
				656165DC5A87F81F55C7F452 /* ProfileViewModel.swift in Sources */,
				C7852624E615CBA1E4968818 /* AttendanceViewModel.swift in Sources */,
				9957A091E9A07552C3EB869D /* AnalyticsViewModel.swift in Sources */,
				19172B6DCA805FC0E3FDB25B /* ALIVEModelContainer.swift in Sources */,
				A168CB5AAEE112777DD2F755 /* ALIVEApp.swift in Sources */,
				E6E231C51C0F37F1428AD7C8 /* ALIVERouter.swift in Sources */,
				95D198B5C553830B298E65E2 /* ALIVEWidgetSnapshot.swift in Sources */,
				DB278B151089CA256B6D2AF2 /* FocusActivityAttributes.swift in Sources */,
				6979C24E22563DF28138E52E /* CharacterClass.swift in Sources */,
				1A6A17AAA63653E56A3BFB39 /* Quest.swift in Sources */,
				758C7367806C2FFE7F1A33E4 /* SkillNode.swift in Sources */,
				BC5C6682620890EB715FD38A /* UserProfile.swift in Sources */,
				2AC90D7F4432B3E73DE8173A /* Course.swift in Sources */,
				1EDD7E6B4A2251006A22EAE0 /* Achievement.swift in Sources */,
				2FA2E81F8A6226D4CF51C0F6 /* StudySession.swift in Sources */,
				6BA430A5ABB46DEE32D3FECA /* XPTransaction.swift in Sources */,
				4638E91486CB3B5498798153 /* ParticleEffectView.swift in Sources */,
				89DD12AE91319BA24B0AF491 /* ColorPalette.swift in Sources */,
				D08AD72E6DF55DCB33FEDA08 /* GlassCardStyle.swift in Sources */,
				80A56937DE2C7E96A064D915 /* ALIVEAppIntents.swift in Sources */,
				6E561E5DB9FF76932F7B08A3 /* QuestCardView.swift in Sources */,
				DF3F0A17BD8C51120E5B9914 /* QuestListView.swift in Sources */,
				25C95C4CC006BB1480AE673C /* MainTabView.swift in Sources */,
				38526DB87D200811B7932B04 /* AttendanceTrackerView.swift in Sources */,
				BD4517053E327FECECD0B419 /* BadgeVaultView.swift in Sources */,
				6C51F6BF3A45B0D291383600 /* SkillNodeDetailView.swift in Sources */,
				6F715C65D457AD8D8AD3F6CC /* SkillTreeCanvasView.swift in Sources */,
				C863B22A1477E18445CB50AE /* WellnessView.swift in Sources */,
				AC93A03ACE2F05E3F9907713 /* CharacterCreationView.swift in Sources */,
				786B025F2AB5324877AF82AA /* AuthView.swift in Sources */,
				38655A88BFA7BB38C503C22F /* FocusSessionView.swift in Sources */,
				304CE8B9B2BDC3462773A327 /* AnalyticsView.swift in Sources */,
				4C0F78DB4A59CA7098FE02D4 /* DashboardView.swift in Sources */,
				A76E9B1E795FC6826EBD1CB2 /* LevelUpModalView.swift in Sources */,
				AFD857799B0141BD54D3ABBA /* CharacterHUDHeader.swift in Sources */,
				B0619AA5DBF49DD5F81371EA /* QuestProgressEngine.swift in Sources */,
				00122E00AC0A8AA5D8705B1C /* DailyQuestService.swift in Sources */,
				C18CD03B26449DCE4A2E2506 /* HapticManager.swift in Sources */,
				73D53DB809B030AC7E1048D0 /* XPEngine.swift in Sources */,
				406749E4A06902825DAA45EE /* PersistenceService.swift in Sources */,
				88628C3E2D0A77EA4881DF32 /* FocusNotificationService.swift in Sources */,
				E95C62F6115BFFD9184AC4BD /* SkillTreeSeedFactory.swift in Sources */,
				C35F01F26C8E2A0DFCF4AE8B /* QuestEngine.swift in Sources */,
				FBE6F90F64CA485B4A9B920D /* AuthService.swift in Sources */,
				E3F9742526CADB9087EC1FDC /* HealthKitService.swift in Sources */,
				AD558C4C19215C05A86F2F6E /* FocusLiveActivityManager.swift in Sources */,
				86E5DFB411A2389E3BEC9F1E /* WidgetSnapshotService.swift in Sources */,
				2E75947FFE03738BC0C579A3 /* MockDataGenerator.swift in Sources */,
			);
			runOnlyForDeploymentPostprocessing = 0;
		};
		6F5E179C7C2A7F69239A70A2 /* Sources */ = {
			isa = PBXSourcesBuildPhase;
			buildActionMask = 2147483647;
			files = (
				159D808D3428FDA56BD598C3 /* ALIVEWidgets.swift in Sources */,
				B3F3E6A34477791CBBE8EE7A /* ALIVEWidgetSnapshot.swift in Sources */,
				6FF489B088794C7D5F211675 /* FocusActivityAttributes.swift in Sources */,
			);
			runOnlyForDeploymentPostprocessing = 0;
		};
		A433054D5606B8ABCE9F2D1E /* Sources */ = {
			isa = PBXSourcesBuildPhase;
			buildActionMask = 2147483647;
			files = (
				D44A4F656930275B560AF809 /* AnalyticsViewModelTests.swift in Sources */,
				1306BA31CCFC9E648A0B787F /* AttendanceCalculatorTests.swift in Sources */,
				CAC30704FB4C8200BD76ED96 /* XPEngineTests.swift in Sources */,
				258548E8340E3C79967B1A9A /* ALIVERouterTests.swift in Sources */,
				B210DC3963F24B4C260E16F7 /* QuestProgressEngineTests.swift in Sources */,
				7DFD6C8E2BAAEF6ADC2E3B2C /* QuestEngineTests.swift in Sources */,
				050586AD030FF4D723B38123 /* FocusSessionTests.swift in Sources */,
				2236FDA5DA56F73A529BC0E4 /* DailyQuestServiceTests.swift in Sources */,
				335B31A9FC4962F860F3E85C /* SwiftDataModelTests.swift in Sources */,
			);
			runOnlyForDeploymentPostprocessing = 0;
		};
/* End PBXSourcesBuildPhase section */

/* Begin PBXTargetDependency section */
		253436DB2EF87532EB17C244 /* PBXTargetDependency */ = {
			isa = PBXTargetDependency;
			name = ALIVE;
			target = 2AE6A7D23D6D6A80CAA5D60B /* ALIVE */;
			targetProxy = 353DA9F68D2FC65F6959760E /* PBXContainerItemProxy */;
		};
		44453836975AE01AA0C1C30C /* PBXTargetDependency */ = {
			isa = PBXTargetDependency;
			name = ALIVEWidgets;
			target = 84BA00B5AB7E3C75841BB4D7 /* ALIVEWidgets */;
			targetProxy = F0551221078D45AC17DF0BA2 /* PBXContainerItemProxy */;
		};
/* End PBXTargetDependency section */

/* Begin XCBuildConfiguration section */
		20DE43D485085D51C525D279 /* Debug */ = {
			isa = XCBuildConfiguration;
			buildSettings = {
				BUNDLE_LOADER = "$(TEST_HOST)";
				CLANG_ENABLE_OBJC_WEAK = NO;
				GENERATE_INFOPLIST_FILE = YES;
				IPHONEOS_DEPLOYMENT_TARGET = 17.0;
				PRODUCT_BUNDLE_IDENTIFIER = com.alive.app.tests;
				SDKROOT = iphoneos;
				SWIFT_VERSION = 5.0;
				TEST_HOST = "$(BUILT_PRODUCTS_DIR)/ALIVE.app/ALIVE";
			};
			name = Debug;
		};
		3BF3BF889BC70F76C2BABBEB /* Debug */ = {
			isa = XCBuildConfiguration;
			buildSettings = {
				ASSETCATALOG_COMPILER_APPICON_NAME = AppIcon;
				ASSETCATALOG_COMPILER_GLOBAL_ACCENT_COLOR_NAME = AccentColor;
				CLANG_ENABLE_OBJC_WEAK = NO;
				CODE_SIGN_ENTITLEMENTS = ALIVE/ALIVE.entitlements;
				CURRENT_PROJECT_VERSION = 1;
				GENERATE_INFOPLIST_FILE = NO;
				INFOPLIST_FILE = ALIVE/Info.plist;
				IPHONEOS_DEPLOYMENT_TARGET = 17.0;
				LD_RUNPATH_SEARCH_PATHS = "$(inherited) @executable_path/Frameworks";
				MARKETING_VERSION = 1.0;
				PRODUCT_BUNDLE_IDENTIFIER = com.alive.app;
				PRODUCT_NAME = ALIVE;
				SDKROOT = iphoneos;
				SWIFT_VERSION = 5.0;
				TARGETED_DEVICE_FAMILY = "1,2";
			};
			name = Debug;
		};
		444A1E7B4B4D5BDA2285F721 /* Debug */ = {
			isa = XCBuildConfiguration;
			buildSettings = {
				ALWAYS_SEARCH_USER_PATHS = NO;
				CLANG_ANALYZER_NONNULL = YES;
				CLANG_ANALYZER_NUMBER_OBJECT_CONVERSION = YES_AGGRESSIVE;
				CLANG_CXX_LANGUAGE_STANDARD = "gnu++14";
				CLANG_CXX_LIBRARY = "libc++";
				CLANG_ENABLE_MODULES = YES;
				CLANG_ENABLE_OBJC_ARC = YES;
				CLANG_ENABLE_OBJC_WEAK = YES;
				CLANG_WARN_BLOCK_CAPTURE_AUTORELEASING = YES;
				CLANG_WARN_BOOL_CONVERSION = YES;
				CLANG_WARN_COMMA = YES;
				CLANG_WARN_CONSTANT_CONVERSION = YES;
				CLANG_WARN_DEPRECATED_OBJC_IMPLEMENTATIONS = YES;
				CLANG_WARN_DIRECT_OBJC_ISA_USAGE = YES_ERROR;
				CLANG_WARN_DOCUMENTATION_COMMENTS = YES;
				CLANG_WARN_EMPTY_BODY = YES;
				CLANG_WARN_ENUM_CONVERSION = YES;
				CLANG_WARN_INFINITE_RECURSION = YES;
				CLANG_WARN_INT_CONVERSION = YES;
				CLANG_WARN_NON_LITERAL_NULL_CONVERSION = YES;
				CLANG_WARN_OBJC_IMPLICIT_RETAIN_SELF = YES;
				CLANG_WARN_OBJC_LITERAL_CONVERSION = YES;
				CLANG_WARN_OBJC_ROOT_CLASS = YES_ERROR;
				CLANG_WARN_QUOTED_INCLUDE_IN_FRAMEWORK_HEADER = YES;
				CLANG_WARN_RANGE_LOOP_ANALYSIS = YES;
				CLANG_WARN_STRICT_PROTOTYPES = YES;
				CLANG_WARN_SUSPICIOUS_MOVE = YES;
				CLANG_WARN_UNGUARDED_AVAILABILITY = YES_AGGRESSIVE;
				CLANG_WARN_UNREACHABLE_CODE = YES;
				CLANG_WARN__DUPLICATE_METHOD_MATCH = YES;
				COPY_PHASE_STRIP = NO;
				DEBUG_INFORMATION_FORMAT = dwarf;
				ENABLE_STRICT_OBJC_MSGSEND = YES;
				ENABLE_TESTABILITY = YES;
				GCC_C_LANGUAGE_STANDARD = gnu11;
				GCC_DYNAMIC_NO_PIC = NO;
				GCC_NO_COMMON_BLOCKS = YES;
				GCC_OPTIMIZATION_LEVEL = 0;
				GCC_PREPROCESSOR_DEFINITIONS = (
					"DEBUG=1",
					"$(inherited)",
				);
				GCC_WARN_64_TO_32_BIT_CONVERSION = YES;
				GCC_WARN_ABOUT_RETURN_TYPE = YES_ERROR;
				GCC_WARN_UNDECLARED_SELECTOR = YES;
				GCC_WARN_UNINITIALIZED_AUTOS = YES_AGGRESSIVE;
				GCC_WARN_UNUSED_FUNCTION = YES;
				GCC_WARN_UNUSED_VARIABLE = YES;
				IPHONEOS_DEPLOYMENT_TARGET = 17.0;
				MTL_ENABLE_DEBUG_INFO = INCLUDE_SOURCE;
				MTL_FAST_MATH = YES;
				ONLY_ACTIVE_ARCH = YES;
				PRODUCT_NAME = "$(TARGET_NAME)";
				SWIFT_ACTIVE_COMPILATION_CONDITIONS = DEBUG;
				SWIFT_OPTIMIZATION_LEVEL = "-Onone";
				SWIFT_VERSION = 5.0;
			};
			name = Debug;
		};
		5578E0FC0F7A1EFBCD21F8F1 /* Release */ = {
			isa = XCBuildConfiguration;
			buildSettings = {
				APPLICATION_EXTENSION_API_ONLY = YES;
				CLANG_ENABLE_OBJC_WEAK = NO;
				CODE_SIGN_ENTITLEMENTS = ALIVE/Extensions/ALIVEWidgets/ALIVEWidgets.entitlements;
				CURRENT_PROJECT_VERSION = 1;
				GENERATE_INFOPLIST_FILE = NO;
				INFOPLIST_FILE = ALIVE/Extensions/ALIVEWidgets/Info.plist;
				IPHONEOS_DEPLOYMENT_TARGET = 17.0;
				MARKETING_VERSION = 1.0;
				PRODUCT_BUNDLE_IDENTIFIER = com.alive.app.widgets;
				PRODUCT_NAME = ALIVEWidgets;
				SDKROOT = iphoneos;
				SKIP_INSTALL = YES;
				SWIFT_VERSION = 5.0;
				TARGETED_DEVICE_FAMILY = "1,2";
				VALIDATE_PRODUCT = YES;
			};
			name = Release;
		};
		688F53FFC23EE0962CFB61B5 /* Release */ = {
			isa = XCBuildConfiguration;
			buildSettings = {
				ASSETCATALOG_COMPILER_APPICON_NAME = AppIcon;
				ASSETCATALOG_COMPILER_GLOBAL_ACCENT_COLOR_NAME = AccentColor;
				CLANG_ENABLE_OBJC_WEAK = NO;
				CODE_SIGN_ENTITLEMENTS = ALIVE/ALIVE.entitlements;
				CURRENT_PROJECT_VERSION = 1;
				GENERATE_INFOPLIST_FILE = NO;
				INFOPLIST_FILE = ALIVE/Info.plist;
				IPHONEOS_DEPLOYMENT_TARGET = 17.0;
				LD_RUNPATH_SEARCH_PATHS = "$(inherited) @executable_path/Frameworks";
				MARKETING_VERSION = 1.0;
				PRODUCT_BUNDLE_IDENTIFIER = com.alive.app;
				PRODUCT_NAME = ALIVE;
				SDKROOT = iphoneos;
				SWIFT_VERSION = 5.0;
				TARGETED_DEVICE_FAMILY = "1,2";
				VALIDATE_PRODUCT = YES;
			};
			name = Release;
		};
		A9605355076C5E1E3C656CE8 /* Debug */ = {
			isa = XCBuildConfiguration;
			buildSettings = {
				APPLICATION_EXTENSION_API_ONLY = YES;
				CLANG_ENABLE_OBJC_WEAK = NO;
				CODE_SIGN_ENTITLEMENTS = ALIVE/Extensions/ALIVEWidgets/ALIVEWidgets.entitlements;
				CURRENT_PROJECT_VERSION = 1;
				GENERATE_INFOPLIST_FILE = NO;
				INFOPLIST_FILE = ALIVE/Extensions/ALIVEWidgets/Info.plist;
				IPHONEOS_DEPLOYMENT_TARGET = 17.0;
				MARKETING_VERSION = 1.0;
				PRODUCT_BUNDLE_IDENTIFIER = com.alive.app.widgets;
				PRODUCT_NAME = ALIVEWidgets;
				SDKROOT = iphoneos;
				SKIP_INSTALL = YES;
				SWIFT_VERSION = 5.0;
				TARGETED_DEVICE_FAMILY = "1,2";
			};
			name = Debug;
		};
		AB6C83AFB6D3C62328ED8238 /* Release */ = {
			isa = XCBuildConfiguration;
			buildSettings = {
				BUNDLE_LOADER = "$(TEST_HOST)";
				CLANG_ENABLE_OBJC_WEAK = NO;
				GENERATE_INFOPLIST_FILE = YES;
				IPHONEOS_DEPLOYMENT_TARGET = 17.0;
				PRODUCT_BUNDLE_IDENTIFIER = com.alive.app.tests;
				SDKROOT = iphoneos;
				SWIFT_VERSION = 5.0;
				TEST_HOST = "$(BUILT_PRODUCTS_DIR)/ALIVE.app/ALIVE";
				VALIDATE_PRODUCT = YES;
			};
			name = Release;
		};
		B27D1E424544F114238327E8 /* Release */ = {
			isa = XCBuildConfiguration;
			buildSettings = {
				ALWAYS_SEARCH_USER_PATHS = NO;
				CLANG_ANALYZER_NONNULL = YES;
				CLANG_ANALYZER_NUMBER_OBJECT_CONVERSION = YES_AGGRESSIVE;
				CLANG_CXX_LANGUAGE_STANDARD = "gnu++14";
				CLANG_CXX_LIBRARY = "libc++";
				CLANG_ENABLE_MODULES = YES;
				CLANG_ENABLE_OBJC_ARC = YES;
				CLANG_ENABLE_OBJC_WEAK = YES;
				CLANG_WARN_BLOCK_CAPTURE_AUTORELEASING = YES;
				CLANG_WARN_BOOL_CONVERSION = YES;
				CLANG_WARN_COMMA = YES;
				CLANG_WARN_CONSTANT_CONVERSION = YES;
				CLANG_WARN_DEPRECATED_OBJC_IMPLEMENTATIONS = YES;
				CLANG_WARN_DIRECT_OBJC_ISA_USAGE = YES_ERROR;
				CLANG_WARN_DOCUMENTATION_COMMENTS = YES;
				CLANG_WARN_EMPTY_BODY = YES;
				CLANG_WARN_ENUM_CONVERSION = YES;
				CLANG_WARN_INFINITE_RECURSION = YES;
				CLANG_WARN_INT_CONVERSION = YES;
				CLANG_WARN_NON_LITERAL_NULL_CONVERSION = YES;
				CLANG_WARN_OBJC_IMPLICIT_RETAIN_SELF = YES;
				CLANG_WARN_OBJC_LITERAL_CONVERSION = YES;
				CLANG_WARN_OBJC_ROOT_CLASS = YES_ERROR;
				CLANG_WARN_QUOTED_INCLUDE_IN_FRAMEWORK_HEADER = YES;
				CLANG_WARN_RANGE_LOOP_ANALYSIS = YES;
				CLANG_WARN_STRICT_PROTOTYPES = YES;
				CLANG_WARN_SUSPICIOUS_MOVE = YES;
				CLANG_WARN_UNGUARDED_AVAILABILITY = YES_AGGRESSIVE;
				CLANG_WARN_UNREACHABLE_CODE = YES;
				CLANG_WARN__DUPLICATE_METHOD_MATCH = YES;
				COPY_PHASE_STRIP = NO;
				DEBUG_INFORMATION_FORMAT = "dwarf-with-dsym";
				ENABLE_NS_ASSERTIONS = NO;
				ENABLE_STRICT_OBJC_MSGSEND = YES;
				GCC_C_LANGUAGE_STANDARD = gnu11;
				GCC_NO_COMMON_BLOCKS = YES;
				GCC_WARN_64_TO_32_BIT_CONVERSION = YES;
				GCC_WARN_ABOUT_RETURN_TYPE = YES_ERROR;
				GCC_WARN_UNDECLARED_SELECTOR = YES;
				GCC_WARN_UNINITIALIZED_AUTOS = YES_AGGRESSIVE;
				GCC_WARN_UNUSED_FUNCTION = YES;
				GCC_WARN_UNUSED_VARIABLE = YES;
				IPHONEOS_DEPLOYMENT_TARGET = 17.0;
				MTL_ENABLE_DEBUG_INFO = NO;
				MTL_FAST_MATH = YES;
				PRODUCT_NAME = "$(TARGET_NAME)";
				SWIFT_COMPILATION_MODE = wholemodule;
				SWIFT_OPTIMIZATION_LEVEL = "-O";
				SWIFT_VERSION = 5.0;
			};
			name = Release;
		};
/* End XCBuildConfiguration section */

/* Begin XCConfigurationList section */
		27B76EE8F3065096E6D126DE /* Build configuration list for PBXNativeTarget "ALIVETests" */ = {
			isa = XCConfigurationList;
			buildConfigurations = (
				AB6C83AFB6D3C62328ED8238 /* Release */,
				20DE43D485085D51C525D279 /* Debug */,
			);
			defaultConfigurationIsVisible = 0;
			defaultConfigurationName = Release;
		};
		38902A73D86C3CA898D5208E /* Build configuration list for PBXNativeTarget "ALIVE" */ = {
			isa = XCConfigurationList;
			buildConfigurations = (
				688F53FFC23EE0962CFB61B5 /* Release */,
				3BF3BF889BC70F76C2BABBEB /* Debug */,
			);
			defaultConfigurationIsVisible = 0;
			defaultConfigurationName = Release;
		};
		A739977A7CD96BCFBF1BC557 /* Build configuration list for PBXProject "alive" */ = {
			isa = XCConfigurationList;
			buildConfigurations = (
				444A1E7B4B4D5BDA2285F721 /* Debug */,
				B27D1E424544F114238327E8 /* Release */,
			);
			defaultConfigurationIsVisible = 0;
			defaultConfigurationName = Release;
		};
		FF4ED141A254E4918BB735CC /* Build configuration list for PBXNativeTarget "ALIVEWidgets" */ = {
			isa = XCConfigurationList;
			buildConfigurations = (
				5578E0FC0F7A1EFBCD21F8F1 /* Release */,
				A9605355076C5E1E3C656CE8 /* Debug */,
			);
			defaultConfigurationIsVisible = 0;
			defaultConfigurationName = Release;
		};
/* End XCConfigurationList section */
	};
	rootObject = 32C9BAF6EB91B37CA1CDA740 /* Project object */;
}
