// !$*UTF8*$!
{
	archiveVersion = 1;
	classes = {
	};
	objectVersion = 46;
	objects = {

/* Begin PBXBuildFile section */
		01EFDA2C381D6C513777BA8F /* AuthView.swift in Sources */ = {isa = PBXBuildFile; fileRef = 37F8D11C83F748939518FB8B /* AuthView.swift */; };
		0A2D5621A069C4C9C7E50441 /* ColorPalette.swift in Sources */ = {isa = PBXBuildFile; fileRef = 46070F44BD466DF40F374E16 /* ColorPalette.swift */; };
		0CD71B745A719682D3868A1B /* Foundation.framework in Frameworks */ = {isa = PBXBuildFile; fileRef = 6D7FB6097C1FD1DE907D292A /* Foundation.framework */; };
		0F6F0A0BAE9CFCA9514929AF /* QuestProgressEngine.swift in Sources */ = {isa = PBXBuildFile; fileRef = 7DC0D83BB302CF73EF41C641 /* QuestProgressEngine.swift */; };
		157CA772F52BAFF6636FEF2A /* SkillTreeCanvasView.swift in Sources */ = {isa = PBXBuildFile; fileRef = 75CF35BA917F4B624E0E1CAF /* SkillTreeCanvasView.swift */; };
		1AC59F8486E01631AB74AEF3 /* AnalyticsView.swift in Sources */ = {isa = PBXBuildFile; fileRef = 3D54240FEB91AF7B1AEDB415 /* AnalyticsView.swift */; };
		1E36FC26527B8D77E027847A /* HealthKitManager.swift in Sources */ = {isa = PBXBuildFile; fileRef = 7062942D08236D293D94730A /* HealthKitManager.swift */; };
		1E5CB0C10D4B499D7EAEAA0B /* AttendanceViewModel.swift in Sources */ = {isa = PBXBuildFile; fileRef = EF0C8397068AD22A71242708 /* AttendanceViewModel.swift */; };
		1F175320D7B67F7867308946 /* AuthViewModel.swift in Sources */ = {isa = PBXBuildFile; fileRef = 2640F1324099E38F16CBC742 /* AuthViewModel.swift */; };
		20A026A135F9D00E4625FDE6 /* FocusNotificationService.swift in Sources */ = {isa = PBXBuildFile; fileRef = D451C864C1E5928B5A8139DF /* FocusNotificationService.swift */; };
		22B1D078F26657B3BB41E296 /* XPEngine.swift in Sources */ = {isa = PBXBuildFile; fileRef = ADC23705116FAC546EB6A483 /* XPEngine.swift */; };
		239672116AE15C93DF707AD4 /* FocusActivityAttributes.swift in Sources */ = {isa = PBXBuildFile; fileRef = 043B8E21D6F9A498DB620747 /* FocusActivityAttributes.swift */; };
		259BA77768528B8325400EE6 /* ALIVEWidgets.appex in Embed App Extensions */ = {isa = PBXBuildFile; fileRef = 455DE90E2710A74450C6F897 /* ALIVEWidgets.appex */; };
		28F9214AC1F79B845A852C6E /* SkillTreeSeedFactory.swift in Sources */ = {isa = PBXBuildFile; fileRef = E8B4EFBD3D0519E0BE5118DE /* SkillTreeSeedFactory.swift */; };
		2AA4CD16D78BF6B6BBA47D7C /* AnalyticsViewModelTests.swift in Sources */ = {isa = PBXBuildFile; fileRef = 0893C0CC902270BB59EBB8A1 /* AnalyticsViewModelTests.swift */; };
		2C2DC7D779CE58B79783734E /* CharacterCreationView.swift in Sources */ = {isa = PBXBuildFile; fileRef = 152561EBB06859E64439909E /* CharacterCreationView.swift */; };
		2D02225746C3826FF3264923 /* XPTransaction.swift in Sources */ = {isa = PBXBuildFile; fileRef = A81B73127F5C5F5EB3286761 /* XPTransaction.swift */; };
		3256D356FD038D935D6A4DDF /* SkillNodeDetailView.swift in Sources */ = {isa = PBXBuildFile; fileRef = A56702FD8F4F38BFBE016969 /* SkillNodeDetailView.swift */; };
		3AF76EE607D9B2F735A4F6D3 /* ProgressionModifierEngine.swift in Sources */ = {isa = PBXBuildFile; fileRef = A10907E2B6BCA04E2383BEAF /* ProgressionModifierEngine.swift */; };
		3C46D3DED6D12856F6356590 /* FocusSessionTests.swift in Sources */ = {isa = PBXBuildFile; fileRef = 714E324A6788B45CFEF5C38D /* FocusSessionTests.swift */; };
		4023E0C78DE57B7A007F3AA0 /* AnalyticsViewModel.swift in Sources */ = {isa = PBXBuildFile; fileRef = AC48B3468EE43763F8F87F30 /* AnalyticsViewModel.swift */; };
		46C0451492FA951652985448 /* QuestViewModel.swift in Sources */ = {isa = PBXBuildFile; fileRef = 2DE3C0D3D72751072559BC3A /* QuestViewModel.swift */; };
		4AB6ECE60D65CE7FF51814EB /* LevelUpModalView.swift in Sources */ = {isa = PBXBuildFile; fileRef = ED2E882A062BDAC03766F916 /* LevelUpModalView.swift */; };
		5337B46C117A1E86CC9EB92B /* Foundation.framework in Frameworks */ = {isa = PBXBuildFile; fileRef = 6D7FB6097C1FD1DE907D292A /* Foundation.framework */; };
		5369AFEC21095BF76491039A /* AuthService.swift in Sources */ = {isa = PBXBuildFile; fileRef = 0B53E851CAE6ACA553A906C2 /* AuthService.swift */; };
		544F1A325C94BE14E5141B6B /* DashboardSections.swift in Sources */ = {isa = PBXBuildFile; fileRef = B5638CCECACEEADCC4ADE2D5 /* DashboardSections.swift */; };
		54AE93F301FBD771A11F7D6A /* DailyQuestServiceTests.swift in Sources */ = {isa = PBXBuildFile; fileRef = C0A8263F1056FBC2451E57F2 /* DailyQuestServiceTests.swift */; };
		5E0FA2F504C94BF51CFBA002 /* ALIVEApp.swift in Sources */ = {isa = PBXBuildFile; fileRef = 73FE92BA4C9A630EC19900AF /* ALIVEApp.swift */; };
		62DAAF76AC05BF6EDE5C0DC9 /* Achievement.swift in Sources */ = {isa = PBXBuildFile; fileRef = C5A582FB0850A7E27A2C5186 /* Achievement.swift */; };
		63275AB569EDB441E3CD4D52 /* WidgetKit.framework in Frameworks */ = {isa = PBXBuildFile; fileRef = E894B9185D7D62E7B32E6A0A /* WidgetKit.framework */; };
		6521D48A6B462ECA35A863A0 /* DashboardView.swift in Sources */ = {isa = PBXBuildFile; fileRef = 9C14FACA2EFBDD45DF7184E9 /* DashboardView.swift */; };
		667587B1D6E26C05C5632DE2 /* FocusActivityAttributes.swift in Sources */ = {isa = PBXBuildFile; fileRef = 969C031B74480D19D66A01F4 /* FocusActivityAttributes.swift */; };
		67492BDEDD8B243026C4F9E2 /* CharacterHUDHeader.swift in Sources */ = {isa = PBXBuildFile; fileRef = 3EF779A4846F21B658F960C8 /* CharacterHUDHeader.swift */; };
		679CF3A8B7A6002000DBFD70 /* ALIVEAppIntents.swift in Sources */ = {isa = PBXBuildFile; fileRef = 185EA773F0883B1A296DE273 /* ALIVEAppIntents.swift */; };
		6AB23DC6D39EFCFAC25D4A63 /* HealthKit.framework in Frameworks */ = {isa = PBXBuildFile; fileRef = 2161855FDC48D09E547B43C2 /* HealthKit.framework */; };
		6D05DE7B55F3F1AC393091E9 /* HealthKitService.swift in Sources */ = {isa = PBXBuildFile; fileRef = 6A61AC5CC9662E7A5E0C69E2 /* HealthKitService.swift */; };
		6E797A333C901EFA54306F42 /* ProfileViewModel.swift in Sources */ = {isa = PBXBuildFile; fileRef = 06D1C090B8AF8DB9E0783E12 /* ProfileViewModel.swift */; };
		6EB5277B31103B2A75382656 /* FocusViewModel.swift in Sources */ = {isa = PBXBuildFile; fileRef = 536C15C9F857177BCA73722E /* FocusViewModel.swift */; };
		70BD5C46CCB1A924FCAF2A3A /* WidgetSnapshotService.swift in Sources */ = {isa = PBXBuildFile; fileRef = 96F5D685EB9B50381A433F40 /* WidgetSnapshotService.swift */; };
		762B5222B6C63B4AE67F8F30 /* FocusLiveActivityManager.swift in Sources */ = {isa = PBXBuildFile; fileRef = 84B108617B459127EE412B7E /* FocusLiveActivityManager.swift */; };
		7868CE50B65345DC8C668D71 /* UserNotifications.framework in Frameworks */ = {isa = PBXBuildFile; fileRef = AABB63A35B0C4E1D65208D2B /* UserNotifications.framework */; };
		7BBA1C9D724149F1185B2B7E /* Foundation.framework in Frameworks */ = {isa = PBXBuildFile; fileRef = 6D7FB6097C1FD1DE907D292A /* Foundation.framework */; };
		7D7E376CF5E09E60B497A97B /* PersistenceService.swift in Sources */ = {isa = PBXBuildFile; fileRef = B62A537EF08DC32FABC9D1D8 /* PersistenceService.swift */; };
		838BFC3971AE9B19827488F5 /* AttendanceCalculatorTests.swift in Sources */ = {isa = PBXBuildFile; fileRef = 27B882925543FAA971CBE496 /* AttendanceCalculatorTests.swift */; };
		924BCE7207AD31A22349681B /* CharacterClass.swift in Sources */ = {isa = PBXBuildFile; fileRef = 21C39D36B33B4C7E71C23F8F /* CharacterClass.swift */; };
		9374AC4C0351B79C39E12EBB /* SkillNode.swift in Sources */ = {isa = PBXBuildFile; fileRef = 52D8810AFEBEB80825446832 /* SkillNode.swift */; };
		9871864450108D2715BBB6E8 /* QuestProgressEngineTests.swift in Sources */ = {isa = PBXBuildFile; fileRef = 5B6F20807BDED515E9C6CCA5 /* QuestProgressEngineTests.swift */; };
		9B8C42164E61248E32926049 /* ALIVEWidgetSnapshot.swift in Sources */ = {isa = PBXBuildFile; fileRef = 8BBDA3FEBDA22412F512F5A9 /* ALIVEWidgetSnapshot.swift */; };
		9D3057B61C37C7A0CD9A4B11 /* StudySession.swift in Sources */ = {isa = PBXBuildFile; fileRef = 1090897F5CA69241CECF12E3 /* StudySession.swift */; };
		9D4BBA4DB75CC686397CFA85 /* MockDataGenerator.swift in Sources */ = {isa = PBXBuildFile; fileRef = 20922405C586C14F041A1237 /* MockDataGenerator.swift */; };
		9F63DC316D04E29AE5DF90C7 /* WellnessView.swift in Sources */ = {isa = PBXBuildFile; fileRef = 9EBF4F8B978960EE10BFB493 /* WellnessView.swift */; };
		A179006CA1E6747E057A2322 /* HapticManager.swift in Sources */ = {isa = PBXBuildFile; fileRef = CE4CBDC64895F527B81CBF16 /* HapticManager.swift */; };
		A182D08BA0AE874AF5FCCA31 /* QuestCardView.swift in Sources */ = {isa = PBXBuildFile; fileRef = 1C87C1CDF5C5077203073930 /* QuestCardView.swift */; };
		A2792AEE9349CF92FBD6ECA7 /* XPEngineTests.swift in Sources */ = {isa = PBXBuildFile; fileRef = AF0BF9CA5DB393839D76C7BF /* XPEngineTests.swift */; };
		A573C97DC9CE0AE95250C216 /* DailyQuestService.swift in Sources */ = {isa = PBXBuildFile; fileRef = 5102492597F17885D4255FA8 /* DailyQuestService.swift */; };
		A641D9BF7889E36D2C9F1CEF /* WidgetKit.framework in Frameworks */ = {isa = PBXBuildFile; fileRef = E894B9185D7D62E7B32E6A0A /* WidgetKit.framework */; };
		A9F3C3C80FFEAD7F09E9FD68 /* ProgressionModifierEngineTests.swift in Sources */ = {isa = PBXBuildFile; fileRef = A71C73B3540434C7B1C2180D /* ProgressionModifierEngineTests.swift */; };
		AB721466AEE1B71B3153C52F /* ALIVEApplicationDelegate.swift in Sources */ = {isa = PBXBuildFile; fileRef = 6BED7BEBF6F02AA88C7CD7B4 /* ALIVEApplicationDelegate.swift */; };
		AED38AAC73630E15AAA5CAF9 /* FocusSessionComponents.swift in Sources */ = {isa = PBXBuildFile; fileRef = 3D229159BC490E710605D0DA /* FocusSessionComponents.swift */; };
		B062160D4420325026ACA3ED /* ALIVEWidgetSnapshot.swift in Sources */ = {isa = PBXBuildFile; fileRef = C2F8EED63E938BD68FA51BD9 /* ALIVEWidgetSnapshot.swift */; };
		B97A654986401603F707EB2A /* BadgeVaultView.swift in Sources */ = {isa = PBXBuildFile; fileRef = B933BFC9372CF4AE534A6026 /* BadgeVaultView.swift */; };
		B9F33FFEA49CA49E7A60C950 /* FocusSessionViewModelTests.swift in Sources */ = {isa = PBXBuildFile; fileRef = 5795F512F906E5773D5BBD7F /* FocusSessionViewModelTests.swift */; };
		BC83832B22CB4BC09C7A0B14 /* Assets.xcassets in Resources */ = {isa = PBXBuildFile; fileRef = 65BF7B549B5AB5022280C186 /* Assets.xcassets */; };
		BCB20F38F0F910BC6088E550 /* SkillTreeViewModel.swift in Sources */ = {isa = PBXBuildFile; fileRef = E406AF50E1E1DB85BD672648 /* SkillTreeViewModel.swift */; };
		BE7C70F3340E307EA1BAAC62 /* ALIVERouter.swift in Sources */ = {isa = PBXBuildFile; fileRef = 5A6755B4738A8F5A276D47F6 /* ALIVERouter.swift */; };
		C814374482B7C86B06B5573C /* ParticleEffectView.swift in Sources */ = {isa = PBXBuildFile; fileRef = 65E301C2AC9344E44FA6F9A7 /* ParticleEffectView.swift */; };
		CAF26EC07FD24DE3E82F3ACE /* QuestEngine.swift in Sources */ = {isa = PBXBuildFile; fileRef = FCB030F02658B410693A6A2A /* QuestEngine.swift */; };
		CF1341E96D2CB7CC9B0AB532 /* Quest.swift in Sources */ = {isa = PBXBuildFile; fileRef = E57B1306330382DF1537E64A /* Quest.swift */; };
		CFF8C7CD584605DFA6589E42 /* QuestListView.swift in Sources */ = {isa = PBXBuildFile; fileRef = F61E4E2D04D94F8C901B00D9 /* QuestListView.swift */; };
		D26C24154F4DC667912650FE /* UserProfile.swift in Sources */ = {isa = PBXBuildFile; fileRef = E4B437E69A89288470B0F6CD /* UserProfile.swift */; };
		D38DD550A2FDA922590EBB37 /* SwiftDataModelTests.swift in Sources */ = {isa = PBXBuildFile; fileRef = E9A11D383D4124E9020F2F5A /* SwiftDataModelTests.swift */; };
		D3FFA7B7BB813CD2A5AC9829 /* FocusSessionView.swift in Sources */ = {isa = PBXBuildFile; fileRef = 339B833A8DAB22F046C3D7F0 /* FocusSessionView.swift */; };
		DE11F002586C1C6C15032795 /* ALIVEWidgets.swift in Sources */ = {isa = PBXBuildFile; fileRef = AE8A4E84CB1A142F0EAE5C38 /* ALIVEWidgets.swift */; };
		E46FCB62FD71B68839430926 /* ActivityKit.framework in Frameworks */ = {isa = PBXBuildFile; fileRef = 35EB2792D68C6B3F011A9BB3 /* ActivityKit.framework */; };
		E654DF7DD26EFCF421632E12 /* GlassCardStyle.swift in Sources */ = {isa = PBXBuildFile; fileRef = B08198BA21715AC5B344ECD6 /* GlassCardStyle.swift */; };
		EE3EBE6279ADB6B84389714A /* ALIVEModelContainer.swift in Sources */ = {isa = PBXBuildFile; fileRef = E0E5CA5DC8B5800DCA35C458 /* ALIVEModelContainer.swift */; };
		F49646853573614157317C7E /* MainTabView.swift in Sources */ = {isa = PBXBuildFile; fileRef = 5940F4973D3A6BDF996CF5D4 /* MainTabView.swift */; };
		F5A7B2F358570A0D1657E146 /* Course.swift in Sources */ = {isa = PBXBuildFile; fileRef = EE3EAE7B58CED50FBF667E4F /* Course.swift */; };
		F68C39E3902A660388453280 /* QuestEngineTests.swift in Sources */ = {isa = PBXBuildFile; fileRef = 5CC20BD8F82B86B5B5CF8016 /* QuestEngineTests.swift */; };
		FCBF60E60003FB7B36C9D198 /* ActivityKit.framework in Frameworks */ = {isa = PBXBuildFile; fileRef = 35EB2792D68C6B3F011A9BB3 /* ActivityKit.framework */; };
		FDFA24214512623CC14935F1 /* ALIVERouterTests.swift in Sources */ = {isa = PBXBuildFile; fileRef = 72D1F45D86E064DD50B86CE0 /* ALIVERouterTests.swift */; };
		FEC107357C1386B0CA4E3305 /* AttendanceTrackerView.swift in Sources */ = {isa = PBXBuildFile; fileRef = 22A97492B4310CF7AE504299 /* AttendanceTrackerView.swift */; };
/* End PBXBuildFile section */

/* Begin PBXContainerItemProxy section */
		3B061F97004D014A0B3F1F12 /* PBXContainerItemProxy */ = {
			isa = PBXContainerItemProxy;
			containerPortal = 2E85CFF05E86857CF5C663B0 /* Project object */;
			proxyType = 1;
			remoteGlobalIDString = 6E822A844CFDE55382CD5716;
			remoteInfo = ALIVEWidgets;
		};
		532B3889606876E2556FD023 /* PBXContainerItemProxy */ = {
			isa = PBXContainerItemProxy;
			containerPortal = 2E85CFF05E86857CF5C663B0 /* Project object */;
			proxyType = 1;
			remoteGlobalIDString = 65D4A67E2463C8D9590A1123;
			remoteInfo = ALIVE;
		};
/* End PBXContainerItemProxy section */

/* Begin PBXCopyFilesBuildPhase section */
		80F8BA2D9F705500CEDE5E31 /* Embed App Extensions */ = {
			isa = PBXCopyFilesBuildPhase;
			buildActionMask = 2147483647;
			dstPath = "";
			dstSubfolderSpec = 13;
			files = (
				259BA77768528B8325400EE6 /* ALIVEWidgets.appex in Embed App Extensions */,
			);
			name = "Embed App Extensions";
			runOnlyForDeploymentPostprocessing = 0;
		};
/* End PBXCopyFilesBuildPhase section */

/* Begin PBXFileReference section */
		043B8E21D6F9A498DB620747 /* FocusActivityAttributes.swift */ = {isa = PBXFileReference; includeInIndex = 1; lastKnownFileType = sourcecode.swift; name = FocusActivityAttributes.swift; path = ALIVE/Shared/FocusActivityAttributes.swift; sourceTree = "<group>"; };
		06D1C090B8AF8DB9E0783E12 /* ProfileViewModel.swift */ = {isa = PBXFileReference; includeInIndex = 1; lastKnownFileType = sourcecode.swift; name = ProfileViewModel.swift; path = ALIVE/ViewModels/ProfileViewModel.swift; sourceTree = "<group>"; };
		0893C0CC902270BB59EBB8A1 /* AnalyticsViewModelTests.swift */ = {isa = PBXFileReference; includeInIndex = 1; lastKnownFileType = sourcecode.swift; name = AnalyticsViewModelTests.swift; path = ALIVE/Tests/AnalyticsViewModelTests.swift; sourceTree = "<group>"; };
		0B53E851CAE6ACA553A906C2 /* AuthService.swift */ = {isa = PBXFileReference; includeInIndex = 1; lastKnownFileType = sourcecode.swift; name = AuthService.swift; path = ALIVE/Services/AuthService.swift; sourceTree = "<group>"; };
		1090897F5CA69241CECF12E3 /* StudySession.swift */ = {isa = PBXFileReference; includeInIndex = 1; lastKnownFileType = sourcecode.swift; name = StudySession.swift; path = ALIVE/Models/StudySession.swift; sourceTree = "<group>"; };
		152561EBB06859E64439909E /* CharacterCreationView.swift */ = {isa = PBXFileReference; includeInIndex = 1; lastKnownFileType = sourcecode.swift; name = CharacterCreationView.swift; path = ALIVE/Views/Auth/CharacterCreationView.swift; sourceTree = "<group>"; };
		185EA773F0883B1A296DE273 /* ALIVEAppIntents.swift */ = {isa = PBXFileReference; includeInIndex = 1; lastKnownFileType = sourcecode.swift; name = ALIVEAppIntents.swift; path = ALIVE/Intents/ALIVEAppIntents.swift; sourceTree = "<group>"; };
		1C87C1CDF5C5077203073930 /* QuestCardView.swift */ = {isa = PBXFileReference; includeInIndex = 1; lastKnownFileType = sourcecode.swift; name = QuestCardView.swift; path = ALIVE/Views/Quests/QuestCardView.swift; sourceTree = "<group>"; };
		20922405C586C14F041A1237 /* MockDataGenerator.swift */ = {isa = PBXFileReference; includeInIndex = 1; lastKnownFileType = sourcecode.swift; name = MockDataGenerator.swift; path = ALIVE/Services/MockDataGenerator.swift; sourceTree = "<group>"; };
		2161855FDC48D09E547B43C2 /* HealthKit.framework */ = {isa = PBXFileReference; lastKnownFileType = wrapper.framework; name = HealthKit.framework; path = System/Library/Frameworks/HealthKit.framework; sourceTree = SDKROOT; };
		21C39D36B33B4C7E71C23F8F /* CharacterClass.swift */ = {isa = PBXFileReference; includeInIndex = 1; lastKnownFileType = sourcecode.swift; name = CharacterClass.swift; path = ALIVE/Models/CharacterClass.swift; sourceTree = "<group>"; };
		22A97492B4310CF7AE504299 /* AttendanceTrackerView.swift */ = {isa = PBXFileReference; includeInIndex = 1; lastKnownFileType = sourcecode.swift; name = AttendanceTrackerView.swift; path = ALIVE/Views/Academics/AttendanceTrackerView.swift; sourceTree = "<group>"; };
		2640F1324099E38F16CBC742 /* AuthViewModel.swift */ = {isa = PBXFileReference; includeInIndex = 1; lastKnownFileType = sourcecode.swift; name = AuthViewModel.swift; path = ALIVE/ViewModels/AuthViewModel.swift; sourceTree = "<group>"; };
		27B882925543FAA971CBE496 /* AttendanceCalculatorTests.swift */ = {isa = PBXFileReference; includeInIndex = 1; lastKnownFileType = sourcecode.swift; name = AttendanceCalculatorTests.swift; path = ALIVE/Tests/AttendanceCalculatorTests.swift; sourceTree = "<group>"; };
		2DE3C0D3D72751072559BC3A /* QuestViewModel.swift */ = {isa = PBXFileReference; includeInIndex = 1; lastKnownFileType = sourcecode.swift; name = QuestViewModel.swift; path = ALIVE/ViewModels/QuestViewModel.swift; sourceTree = "<group>"; };
		339B833A8DAB22F046C3D7F0 /* FocusSessionView.swift */ = {isa = PBXFileReference; includeInIndex = 1; lastKnownFileType = sourcecode.swift; name = FocusSessionView.swift; path = ALIVE/Views/Focus/FocusSessionView.swift; sourceTree = "<group>"; };
		35EB2792D68C6B3F011A9BB3 /* ActivityKit.framework */ = {isa = PBXFileReference; lastKnownFileType = wrapper.framework; name = ActivityKit.framework; path = System/Library/Frameworks/ActivityKit.framework; sourceTree = SDKROOT; };
		37F8D11C83F748939518FB8B /* AuthView.swift */ = {isa = PBXFileReference; includeInIndex = 1; lastKnownFileType = sourcecode.swift; name = AuthView.swift; path = ALIVE/Views/Auth/AuthView.swift; sourceTree = "<group>"; };
		3D229159BC490E710605D0DA /* FocusSessionComponents.swift */ = {isa = PBXFileReference; includeInIndex = 1; lastKnownFileType = sourcecode.swift; name = FocusSessionComponents.swift; path = ALIVE/Views/Focus/FocusSessionComponents.swift; sourceTree = "<group>"; };
		3D54240FEB91AF7B1AEDB415 /* AnalyticsView.swift */ = {isa = PBXFileReference; includeInIndex = 1; lastKnownFileType = sourcecode.swift; name = AnalyticsView.swift; path = ALIVE/Views/Focus/AnalyticsView.swift; sourceTree = "<group>"; };
		3D7DE1D55180DF46EBE11708 /* ALIVE.app */ = {isa = PBXFileReference; explicitFileType = wrapper.application; includeInIndex = 0; path = ALIVE.app; sourceTree = BUILT_PRODUCTS_DIR; };
		3EF779A4846F21B658F960C8 /* CharacterHUDHeader.swift */ = {isa = PBXFileReference; includeInIndex = 1; lastKnownFileType = sourcecode.swift; name = CharacterHUDHeader.swift; path = ALIVE/Views/Dashboard/CharacterHUDHeader.swift; sourceTree = "<group>"; };
		455DE90E2710A74450C6F897 /* ALIVEWidgets.appex */ = {isa = PBXFileReference; explicitFileType = "wrapper.app-extension"; includeInIndex = 0; path = ALIVEWidgets.appex; sourceTree = BUILT_PRODUCTS_DIR; };
		46070F44BD466DF40F374E16 /* ColorPalette.swift */ = {isa = PBXFileReference; includeInIndex = 1; lastKnownFileType = sourcecode.swift; name = ColorPalette.swift; path = ALIVE/Theme/ColorPalette.swift; sourceTree = "<group>"; };
		472586C55E2ABC78FD98ADBB /* ALIVETests.xctest */ = {isa = PBXFileReference; explicitFileType = wrapper.cfbundle; includeInIndex = 0; path = ALIVETests.xctest; sourceTree = BUILT_PRODUCTS_DIR; };
		5102492597F17885D4255FA8 /* DailyQuestService.swift */ = {isa = PBXFileReference; includeInIndex = 1; lastKnownFileType = sourcecode.swift; name = DailyQuestService.swift; path = ALIVE/Services/DailyQuestService.swift; sourceTree = "<group>"; };
		52D8810AFEBEB80825446832 /* SkillNode.swift */ = {isa = PBXFileReference; includeInIndex = 1; lastKnownFileType = sourcecode.swift; name = SkillNode.swift; path = ALIVE/Models/SkillNode.swift; sourceTree = "<group>"; };
		536C15C9F857177BCA73722E /* FocusViewModel.swift */ = {isa = PBXFileReference; includeInIndex = 1; lastKnownFileType = sourcecode.swift; name = FocusViewModel.swift; path = ALIVE/ViewModels/FocusViewModel.swift; sourceTree = "<group>"; };
		5795F512F906E5773D5BBD7F /* FocusSessionViewModelTests.swift */ = {isa = PBXFileReference; includeInIndex = 1; lastKnownFileType = sourcecode.swift; name = FocusSessionViewModelTests.swift; path = ALIVE/Tests/FocusSessionViewModelTests.swift; sourceTree = "<group>"; };
		5940F4973D3A6BDF996CF5D4 /* MainTabView.swift */ = {isa = PBXFileReference; includeInIndex = 1; lastKnownFileType = sourcecode.swift; name = MainTabView.swift; path = ALIVE/Views/MainTabView.swift; sourceTree = "<group>"; };
		5A6755B4738A8F5A276D47F6 /* ALIVERouter.swift */ = {isa = PBXFileReference; includeInIndex = 1; lastKnownFileType = sourcecode.swift; name = ALIVERouter.swift; path = ALIVE/App/ALIVERouter.swift; sourceTree = "<group>"; };
		5B6F20807BDED515E9C6CCA5 /* QuestProgressEngineTests.swift */ = {isa = PBXFileReference; includeInIndex = 1; lastKnownFileType = sourcecode.swift; name = QuestProgressEngineTests.swift; path = ALIVE/Tests/QuestProgressEngineTests.swift; sourceTree = "<group>"; };
		5CC20BD8F82B86B5B5CF8016 /* QuestEngineTests.swift */ = {isa = PBXFileReference; includeInIndex = 1; lastKnownFileType = sourcecode.swift; name = QuestEngineTests.swift; path = ALIVE/Tests/QuestEngineTests.swift; sourceTree = "<group>"; };
		65BF7B549B5AB5022280C186 /* Assets.xcassets */ = {isa = PBXFileReference; includeInIndex = 1; lastKnownFileType = folder.assetcatalog; name = Assets.xcassets; path = ALIVE/Assets.xcassets; sourceTree = "<group>"; };
		65E301C2AC9344E44FA6F9A7 /* ParticleEffectView.swift */ = {isa = PBXFileReference; includeInIndex = 1; lastKnownFileType = sourcecode.swift; name = ParticleEffectView.swift; path = ALIVE/Theme/ParticleEffectView.swift; sourceTree = "<group>"; };
		6A61AC5CC9662E7A5E0C69E2 /* HealthKitService.swift */ = {isa = PBXFileReference; includeInIndex = 1; lastKnownFileType = sourcecode.swift; name = HealthKitService.swift; path = ALIVE/Services/HealthKitService.swift; sourceTree = "<group>"; };
		6BED7BEBF6F02AA88C7CD7B4 /* ALIVEApplicationDelegate.swift */ = {isa = PBXFileReference; includeInIndex = 1; lastKnownFileType = sourcecode.swift; name = ALIVEApplicationDelegate.swift; path = ALIVE/App/ALIVEApplicationDelegate.swift; sourceTree = "<group>"; };
		6D7FB6097C1FD1DE907D292A /* Foundation.framework */ = {isa = PBXFileReference; lastKnownFileType = wrapper.framework; name = Foundation.framework; path = System/Library/Frameworks/Foundation.framework; sourceTree = SDKROOT; };
		7062942D08236D293D94730A /* HealthKitManager.swift */ = {isa = PBXFileReference; includeInIndex = 1; lastKnownFileType = sourcecode.swift; name = HealthKitManager.swift; path = ALIVE/Services/HealthKitManager.swift; sourceTree = "<group>"; };
		714E324A6788B45CFEF5C38D /* FocusSessionTests.swift */ = {isa = PBXFileReference; includeInIndex = 1; lastKnownFileType = sourcecode.swift; name = FocusSessionTests.swift; path = ALIVE/Tests/FocusSessionTests.swift; sourceTree = "<group>"; };
		72D1F45D86E064DD50B86CE0 /* ALIVERouterTests.swift */ = {isa = PBXFileReference; includeInIndex = 1; lastKnownFileType = sourcecode.swift; name = ALIVERouterTests.swift; path = ALIVE/Tests/ALIVERouterTests.swift; sourceTree = "<group>"; };
		73FE92BA4C9A630EC19900AF /* ALIVEApp.swift */ = {isa = PBXFileReference; includeInIndex = 1; lastKnownFileType = sourcecode.swift; name = ALIVEApp.swift; path = ALIVE/App/ALIVEApp.swift; sourceTree = "<group>"; };
		75CF35BA917F4B624E0E1CAF /* SkillTreeCanvasView.swift */ = {isa = PBXFileReference; includeInIndex = 1; lastKnownFileType = sourcecode.swift; name = SkillTreeCanvasView.swift; path = ALIVE/Views/SkillTree/SkillTreeCanvasView.swift; sourceTree = "<group>"; };
		7DC0D83BB302CF73EF41C641 /* QuestProgressEngine.swift */ = {isa = PBXFileReference; includeInIndex = 1; lastKnownFileType = sourcecode.swift; name = QuestProgressEngine.swift; path = ALIVE/Services/QuestProgressEngine.swift; sourceTree = "<group>"; };
		84B108617B459127EE412B7E /* FocusLiveActivityManager.swift */ = {isa = PBXFileReference; includeInIndex = 1; lastKnownFileType = sourcecode.swift; name = FocusLiveActivityManager.swift; path = ALIVE/Services/FocusLiveActivityManager.swift; sourceTree = "<group>"; };
		8BBDA3FEBDA22412F512F5A9 /* ALIVEWidgetSnapshot.swift */ = {isa = PBXFileReference; includeInIndex = 1; lastKnownFileType = sourcecode.swift; name = ALIVEWidgetSnapshot.swift; path = ALIVE/Shared/ALIVEWidgetSnapshot.swift; sourceTree = "<group>"; };
		969C031B74480D19D66A01F4 /* FocusActivityAttributes.swift */ = {isa = PBXFileReference; includeInIndex = 1; lastKnownFileType = sourcecode.swift; name = FocusActivityAttributes.swift; path = ALIVE/Shared/FocusActivityAttributes.swift; sourceTree = "<group>"; };
		96F5D685EB9B50381A433F40 /* WidgetSnapshotService.swift */ = {isa = PBXFileReference; includeInIndex = 1; lastKnownFileType = sourcecode.swift; name = WidgetSnapshotService.swift; path = ALIVE/Services/WidgetSnapshotService.swift; sourceTree = "<group>"; };
		9C14FACA2EFBDD45DF7184E9 /* DashboardView.swift */ = {isa = PBXFileReference; includeInIndex = 1; lastKnownFileType = sourcecode.swift; name = DashboardView.swift; path = ALIVE/Views/Dashboard/DashboardView.swift; sourceTree = "<group>"; };
		9EBF4F8B978960EE10BFB493 /* WellnessView.swift */ = {isa = PBXFileReference; includeInIndex = 1; lastKnownFileType = sourcecode.swift; name = WellnessView.swift; path = ALIVE/Views/Wellness/WellnessView.swift; sourceTree = "<group>"; };
		A10907E2B6BCA04E2383BEAF /* ProgressionModifierEngine.swift */ = {isa = PBXFileReference; includeInIndex = 1; lastKnownFileType = sourcecode.swift; name = ProgressionModifierEngine.swift; path = ALIVE/Services/ProgressionModifierEngine.swift; sourceTree = "<group>"; };
		A56702FD8F4F38BFBE016969 /* SkillNodeDetailView.swift */ = {isa = PBXFileReference; includeInIndex = 1; lastKnownFileType = sourcecode.swift; name = SkillNodeDetailView.swift; path = ALIVE/Views/SkillTree/SkillNodeDetailView.swift; sourceTree = "<group>"; };
		A71C73B3540434C7B1C2180D /* ProgressionModifierEngineTests.swift */ = {isa = PBXFileReference; includeInIndex = 1; lastKnownFileType = sourcecode.swift; name = ProgressionModifierEngineTests.swift; path = ALIVE/Tests/ProgressionModifierEngineTests.swift; sourceTree = "<group>"; };
		A81B73127F5C5F5EB3286761 /* XPTransaction.swift */ = {isa = PBXFileReference; includeInIndex = 1; lastKnownFileType = sourcecode.swift; name = XPTransaction.swift; path = ALIVE/Models/XPTransaction.swift; sourceTree = "<group>"; };
		AABB63A35B0C4E1D65208D2B /* UserNotifications.framework */ = {isa = PBXFileReference; lastKnownFileType = wrapper.framework; name = UserNotifications.framework; path = System/Library/Frameworks/UserNotifications.framework; sourceTree = SDKROOT; };
		AC48B3468EE43763F8F87F30 /* AnalyticsViewModel.swift */ = {isa = PBXFileReference; includeInIndex = 1; lastKnownFileType = sourcecode.swift; name = AnalyticsViewModel.swift; path = ALIVE/ViewModels/AnalyticsViewModel.swift; sourceTree = "<group>"; };
		ADC23705116FAC546EB6A483 /* XPEngine.swift */ = {isa = PBXFileReference; includeInIndex = 1; lastKnownFileType = sourcecode.swift; name = XPEngine.swift; path = ALIVE/Services/XPEngine.swift; sourceTree = "<group>"; };
		AE8A4E84CB1A142F0EAE5C38 /* ALIVEWidgets.swift */ = {isa = PBXFileReference; includeInIndex = 1; lastKnownFileType = sourcecode.swift; name = ALIVEWidgets.swift; path = ALIVE/Extensions/ALIVEWidgets/ALIVEWidgets.swift; sourceTree = "<group>"; };
		AF0BF9CA5DB393839D76C7BF /* XPEngineTests.swift */ = {isa = PBXFileReference; includeInIndex = 1; lastKnownFileType = sourcecode.swift; name = XPEngineTests.swift; path = ALIVE/Tests/XPEngineTests.swift; sourceTree = "<group>"; };
		B08198BA21715AC5B344ECD6 /* GlassCardStyle.swift */ = {isa = PBXFileReference; includeInIndex = 1; lastKnownFileType = sourcecode.swift; name = GlassCardStyle.swift; path = ALIVE/Theme/GlassCardStyle.swift; sourceTree = "<group>"; };
		B5638CCECACEEADCC4ADE2D5 /* DashboardSections.swift */ = {isa = PBXFileReference; includeInIndex = 1; lastKnownFileType = sourcecode.swift; name = DashboardSections.swift; path = ALIVE/Views/Dashboard/DashboardSections.swift; sourceTree = "<group>"; };
		B62A537EF08DC32FABC9D1D8 /* PersistenceService.swift */ = {isa = PBXFileReference; includeInIndex = 1; lastKnownFileType = sourcecode.swift; name = PersistenceService.swift; path = ALIVE/Services/PersistenceService.swift; sourceTree = "<group>"; };
		B933BFC9372CF4AE534A6026 /* BadgeVaultView.swift */ = {isa = PBXFileReference; includeInIndex = 1; lastKnownFileType = sourcecode.swift; name = BadgeVaultView.swift; path = ALIVE/Views/Achievements/BadgeVaultView.swift; sourceTree = "<group>"; };
		C0A8263F1056FBC2451E57F2 /* DailyQuestServiceTests.swift */ = {isa = PBXFileReference; includeInIndex = 1; lastKnownFileType = sourcecode.swift; name = DailyQuestServiceTests.swift; path = ALIVE/Tests/DailyQuestServiceTests.swift; sourceTree = "<group>"; };
		C2F8EED63E938BD68FA51BD9 /* ALIVEWidgetSnapshot.swift */ = {isa = PBXFileReference; includeInIndex = 1; lastKnownFileType = sourcecode.swift; name = ALIVEWidgetSnapshot.swift; path = ALIVE/Shared/ALIVEWidgetSnapshot.swift; sourceTree = "<group>"; };
		C5A582FB0850A7E27A2C5186 /* Achievement.swift */ = {isa = PBXFileReference; includeInIndex = 1; lastKnownFileType = sourcecode.swift; name = Achievement.swift; path = ALIVE/Models/Achievement.swift; sourceTree = "<group>"; };
		CE4CBDC64895F527B81CBF16 /* HapticManager.swift */ = {isa = PBXFileReference; includeInIndex = 1; lastKnownFileType = sourcecode.swift; name = HapticManager.swift; path = ALIVE/Services/HapticManager.swift; sourceTree = "<group>"; };
		D451C864C1E5928B5A8139DF /* FocusNotificationService.swift */ = {isa = PBXFileReference; includeInIndex = 1; lastKnownFileType = sourcecode.swift; name = FocusNotificationService.swift; path = ALIVE/Services/FocusNotificationService.swift; sourceTree = "<group>"; };
		E0E5CA5DC8B5800DCA35C458 /* ALIVEModelContainer.swift */ = {isa = PBXFileReference; includeInIndex = 1; lastKnownFileType = sourcecode.swift; name = ALIVEModelContainer.swift; path = ALIVE/App/ALIVEModelContainer.swift; sourceTree = "<group>"; };
		E406AF50E1E1DB85BD672648 /* SkillTreeViewModel.swift */ = {isa = PBXFileReference; includeInIndex = 1; lastKnownFileType = sourcecode.swift; name = SkillTreeViewModel.swift; path = ALIVE/ViewModels/SkillTreeViewModel.swift; sourceTree = "<group>"; };
		E4B437E69A89288470B0F6CD /* UserProfile.swift */ = {isa = PBXFileReference; includeInIndex = 1; lastKnownFileType = sourcecode.swift; name = UserProfile.swift; path = ALIVE/Models/UserProfile.swift; sourceTree = "<group>"; };
		E57B1306330382DF1537E64A /* Quest.swift */ = {isa = PBXFileReference; includeInIndex = 1; lastKnownFileType = sourcecode.swift; name = Quest.swift; path = ALIVE/Models/Quest.swift; sourceTree = "<group>"; };
		E894B9185D7D62E7B32E6A0A /* WidgetKit.framework */ = {isa = PBXFileReference; lastKnownFileType = wrapper.framework; name = WidgetKit.framework; path = System/Library/Frameworks/WidgetKit.framework; sourceTree = SDKROOT; };
		E8B4EFBD3D0519E0BE5118DE /* SkillTreeSeedFactory.swift */ = {isa = PBXFileReference; includeInIndex = 1; lastKnownFileType = sourcecode.swift; name = SkillTreeSeedFactory.swift; path = ALIVE/Services/SkillTreeSeedFactory.swift; sourceTree = "<group>"; };
		E9A11D383D4124E9020F2F5A /* SwiftDataModelTests.swift */ = {isa = PBXFileReference; includeInIndex = 1; lastKnownFileType = sourcecode.swift; name = SwiftDataModelTests.swift; path = ALIVE/Tests/SwiftDataModelTests.swift; sourceTree = "<group>"; };
		ED2E882A062BDAC03766F916 /* LevelUpModalView.swift */ = {isa = PBXFileReference; includeInIndex = 1; lastKnownFileType = sourcecode.swift; name = LevelUpModalView.swift; path = ALIVE/Views/Dashboard/LevelUpModalView.swift; sourceTree = "<group>"; };
		EE3EAE7B58CED50FBF667E4F /* Course.swift */ = {isa = PBXFileReference; includeInIndex = 1; lastKnownFileType = sourcecode.swift; name = Course.swift; path = ALIVE/Models/Course.swift; sourceTree = "<group>"; };
		EF0C8397068AD22A71242708 /* AttendanceViewModel.swift */ = {isa = PBXFileReference; includeInIndex = 1; lastKnownFileType = sourcecode.swift; name = AttendanceViewModel.swift; path = ALIVE/ViewModels/AttendanceViewModel.swift; sourceTree = "<group>"; };
		F61E4E2D04D94F8C901B00D9 /* QuestListView.swift */ = {isa = PBXFileReference; includeInIndex = 1; lastKnownFileType = sourcecode.swift; name = QuestListView.swift; path = ALIVE/Views/Quests/QuestListView.swift; sourceTree = "<group>"; };
		FCB030F02658B410693A6A2A /* QuestEngine.swift */ = {isa = PBXFileReference; includeInIndex = 1; lastKnownFileType = sourcecode.swift; name = QuestEngine.swift; path = ALIVE/Services/QuestEngine.swift; sourceTree = "<group>"; };
/* End PBXFileReference section */

/* Begin PBXFrameworksBuildPhase section */
		2A3E2BDE1A34DC916C86C051 /* Frameworks */ = {
			isa = PBXFrameworksBuildPhase;
			buildActionMask = 2147483647;
			files = (
				5337B46C117A1E86CC9EB92B /* Foundation.framework in Frameworks */,
				E46FCB62FD71B68839430926 /* ActivityKit.framework in Frameworks */,
				6AB23DC6D39EFCFAC25D4A63 /* HealthKit.framework in Frameworks */,
				7868CE50B65345DC8C668D71 /* UserNotifications.framework in Frameworks */,
				63275AB569EDB441E3CD4D52 /* WidgetKit.framework in Frameworks */,
			);
			runOnlyForDeploymentPostprocessing = 0;
		};
		4A9E6A396C13524F298B6738 /* Frameworks */ = {
			isa = PBXFrameworksBuildPhase;
			buildActionMask = 2147483647;
			files = (
				7BBA1C9D724149F1185B2B7E /* Foundation.framework in Frameworks */,
				FCBF60E60003FB7B36C9D198 /* ActivityKit.framework in Frameworks */,
				A641D9BF7889E36D2C9F1CEF /* WidgetKit.framework in Frameworks */,
			);
			runOnlyForDeploymentPostprocessing = 0;
		};
		EA84E17AE33D8B9BECEDFC49 /* Frameworks */ = {
			isa = PBXFrameworksBuildPhase;
			buildActionMask = 2147483647;
			files = (
				0CD71B745A719682D3868A1B /* Foundation.framework in Frameworks */,
			);
			runOnlyForDeploymentPostprocessing = 0;
		};
/* End PBXFrameworksBuildPhase section */

/* Begin PBXGroup section */
		3F5E851009E577FE857037E2 = {
			isa = PBXGroup;
			children = (
				672A7694E38090D16009CA0B /* Products */,
				90C145F7313FC2D9851A4AC4 /* Frameworks */,
				536C15C9F857177BCA73722E /* FocusViewModel.swift */,
				E406AF50E1E1DB85BD672648 /* SkillTreeViewModel.swift */,
				2640F1324099E38F16CBC742 /* AuthViewModel.swift */,
				2DE3C0D3D72751072559BC3A /* QuestViewModel.swift */,
				06D1C090B8AF8DB9E0783E12 /* ProfileViewModel.swift */,
				EF0C8397068AD22A71242708 /* AttendanceViewModel.swift */,
				AC48B3468EE43763F8F87F30 /* AnalyticsViewModel.swift */,
				E0E5CA5DC8B5800DCA35C458 /* ALIVEModelContainer.swift */,
				73FE92BA4C9A630EC19900AF /* ALIVEApp.swift */,
				6BED7BEBF6F02AA88C7CD7B4 /* ALIVEApplicationDelegate.swift */,
				5A6755B4738A8F5A276D47F6 /* ALIVERouter.swift */,
				C2F8EED63E938BD68FA51BD9 /* ALIVEWidgetSnapshot.swift */,
				969C031B74480D19D66A01F4 /* FocusActivityAttributes.swift */,
				21C39D36B33B4C7E71C23F8F /* CharacterClass.swift */,
				E57B1306330382DF1537E64A /* Quest.swift */,
				52D8810AFEBEB80825446832 /* SkillNode.swift */,
				E4B437E69A89288470B0F6CD /* UserProfile.swift */,
				EE3EAE7B58CED50FBF667E4F /* Course.swift */,
				C5A582FB0850A7E27A2C5186 /* Achievement.swift */,
				1090897F5CA69241CECF12E3 /* StudySession.swift */,
				A81B73127F5C5F5EB3286761 /* XPTransaction.swift */,
				65E301C2AC9344E44FA6F9A7 /* ParticleEffectView.swift */,
				46070F44BD466DF40F374E16 /* ColorPalette.swift */,
				B08198BA21715AC5B344ECD6 /* GlassCardStyle.swift */,
				185EA773F0883B1A296DE273 /* ALIVEAppIntents.swift */,
				1C87C1CDF5C5077203073930 /* QuestCardView.swift */,
				F61E4E2D04D94F8C901B00D9 /* QuestListView.swift */,
				5940F4973D3A6BDF996CF5D4 /* MainTabView.swift */,
				22A97492B4310CF7AE504299 /* AttendanceTrackerView.swift */,
				B933BFC9372CF4AE534A6026 /* BadgeVaultView.swift */,
				A56702FD8F4F38BFBE016969 /* SkillNodeDetailView.swift */,
				75CF35BA917F4B624E0E1CAF /* SkillTreeCanvasView.swift */,
				9EBF4F8B978960EE10BFB493 /* WellnessView.swift */,
				152561EBB06859E64439909E /* CharacterCreationView.swift */,
				37F8D11C83F748939518FB8B /* AuthView.swift */,
				339B833A8DAB22F046C3D7F0 /* FocusSessionView.swift */,
				3D229159BC490E710605D0DA /* FocusSessionComponents.swift */,
				3D54240FEB91AF7B1AEDB415 /* AnalyticsView.swift */,
				9C14FACA2EFBDD45DF7184E9 /* DashboardView.swift */,
				ED2E882A062BDAC03766F916 /* LevelUpModalView.swift */,
				3EF779A4846F21B658F960C8 /* CharacterHUDHeader.swift */,
				B5638CCECACEEADCC4ADE2D5 /* DashboardSections.swift */,
				7DC0D83BB302CF73EF41C641 /* QuestProgressEngine.swift */,
				5102492597F17885D4255FA8 /* DailyQuestService.swift */,
				A10907E2B6BCA04E2383BEAF /* ProgressionModifierEngine.swift */,
				CE4CBDC64895F527B81CBF16 /* HapticManager.swift */,
				ADC23705116FAC546EB6A483 /* XPEngine.swift */,
				B62A537EF08DC32FABC9D1D8 /* PersistenceService.swift */,
				D451C864C1E5928B5A8139DF /* FocusNotificationService.swift */,
				E8B4EFBD3D0519E0BE5118DE /* SkillTreeSeedFactory.swift */,
				FCB030F02658B410693A6A2A /* QuestEngine.swift */,
				0B53E851CAE6ACA553A906C2 /* AuthService.swift */,
				6A61AC5CC9662E7A5E0C69E2 /* HealthKitService.swift */,
				84B108617B459127EE412B7E /* FocusLiveActivityManager.swift */,
				7062942D08236D293D94730A /* HealthKitManager.swift */,
				96F5D685EB9B50381A433F40 /* WidgetSnapshotService.swift */,
				20922405C586C14F041A1237 /* MockDataGenerator.swift */,
				65BF7B549B5AB5022280C186 /* Assets.xcassets */,
				9BC0BF12EF6FC8AEA4134A1A /* ALIVE Widgets */,
				0893C0CC902270BB59EBB8A1 /* AnalyticsViewModelTests.swift */,
				27B882925543FAA971CBE496 /* AttendanceCalculatorTests.swift */,
				AF0BF9CA5DB393839D76C7BF /* XPEngineTests.swift */,
				72D1F45D86E064DD50B86CE0 /* ALIVERouterTests.swift */,
				5B6F20807BDED515E9C6CCA5 /* QuestProgressEngineTests.swift */,
				5CC20BD8F82B86B5B5CF8016 /* QuestEngineTests.swift */,
				A71C73B3540434C7B1C2180D /* ProgressionModifierEngineTests.swift */,
				714E324A6788B45CFEF5C38D /* FocusSessionTests.swift */,
				C0A8263F1056FBC2451E57F2 /* DailyQuestServiceTests.swift */,
				E9A11D383D4124E9020F2F5A /* SwiftDataModelTests.swift */,
				5795F512F906E5773D5BBD7F /* FocusSessionViewModelTests.swift */,
			);
			sourceTree = "<group>";
		};
		672A7694E38090D16009CA0B /* Products */ = {
			isa = PBXGroup;
			children = (
				3D7DE1D55180DF46EBE11708 /* ALIVE.app */,
				455DE90E2710A74450C6F897 /* ALIVEWidgets.appex */,
				472586C55E2ABC78FD98ADBB /* ALIVETests.xctest */,
			);
			name = Products;
			sourceTree = "<group>";
		};
		90C145F7313FC2D9851A4AC4 /* Frameworks */ = {
			isa = PBXGroup;
			children = (
				D995685EAF87F9CA967660C2 /* iOS */,
			);
			name = Frameworks;
			sourceTree = "<group>";
		};
		9BC0BF12EF6FC8AEA4134A1A /* ALIVE Widgets */ = {
			isa = PBXGroup;
			children = (
				AE8A4E84CB1A142F0EAE5C38 /* ALIVEWidgets.swift */,
				8BBDA3FEBDA22412F512F5A9 /* ALIVEWidgetSnapshot.swift */,
				043B8E21D6F9A498DB620747 /* FocusActivityAttributes.swift */,
			);
			name = "ALIVE Widgets";
			sourceTree = "<group>";
		};
		D995685EAF87F9CA967660C2 /* iOS */ = {
			isa = PBXGroup;
			children = (
				6D7FB6097C1FD1DE907D292A /* Foundation.framework */,
				35EB2792D68C6B3F011A9BB3 /* ActivityKit.framework */,
				2161855FDC48D09E547B43C2 /* HealthKit.framework */,
				AABB63A35B0C4E1D65208D2B /* UserNotifications.framework */,
				E894B9185D7D62E7B32E6A0A /* WidgetKit.framework */,
			);
			name = iOS;
			sourceTree = "<group>";
		};
/* End PBXGroup section */

/* Begin PBXNativeTarget section */
		65D4A67E2463C8D9590A1123 /* ALIVE */ = {
			isa = PBXNativeTarget;
			buildConfigurationList = 3C3A91608DABA0BBC4292645 /* Build configuration list for PBXNativeTarget "ALIVE" */;
			buildPhases = (
				1E8839F58B9B196A92C24CFF /* Sources */,
				2A3E2BDE1A34DC916C86C051 /* Frameworks */,
				B69B9C3C77DBE875508007B7 /* Resources */,
				80F8BA2D9F705500CEDE5E31 /* Embed App Extensions */,
			);
			buildRules = (
			);
			dependencies = (
				2C42A1A491591241443BB141 /* PBXTargetDependency */,
			);
			name = ALIVE;
			productName = ALIVE;
			productReference = 3D7DE1D55180DF46EBE11708 /* ALIVE.app */;
			productType = "com.apple.product-type.application";
		};
		6E822A844CFDE55382CD5716 /* ALIVEWidgets */ = {
			isa = PBXNativeTarget;
			buildConfigurationList = 6A1C7A66D610A3051D54E3FE /* Build configuration list for PBXNativeTarget "ALIVEWidgets" */;
			buildPhases = (
				38B1A1FB7AFB5ED81CF2D357 /* Sources */,
				4A9E6A396C13524F298B6738 /* Frameworks */,
				89E37BC6D8D2B3A5A331B2E1 /* Resources */,
			);
			buildRules = (
			);
			dependencies = (
			);
			name = ALIVEWidgets;
			productName = ALIVEWidgets;
			productReference = 455DE90E2710A74450C6F897 /* ALIVEWidgets.appex */;
			productType = "com.apple.product-type.app-extension";
		};
		EC24D08BF6F19CB0E5BAB12E /* ALIVETests */ = {
			isa = PBXNativeTarget;
			buildConfigurationList = 78389C87CEAD07A71078FEAD /* Build configuration list for PBXNativeTarget "ALIVETests" */;
			buildPhases = (
				38B3EC5A370B0F13D0CA7C16 /* Sources */,
				EA84E17AE33D8B9BECEDFC49 /* Frameworks */,
				6F34A5866754CF5A406E70FC /* Resources */,
			);
			buildRules = (
			);
			dependencies = (
				45EE274AFDC54DA9FE480577 /* PBXTargetDependency */,
			);
			name = ALIVETests;
			productName = ALIVETests;
			productReference = 472586C55E2ABC78FD98ADBB /* ALIVETests.xctest */;
			productType = "com.apple.product-type.bundle.unit-test";
		};
/* End PBXNativeTarget section */

/* Begin PBXProject section */
		2E85CFF05E86857CF5C663B0 /* Project object */ = {
			isa = PBXProject;
			attributes = {
				LastSwiftUpdateCheck = 1600;
				LastUpgradeCheck = 1600;
			};
			buildConfigurationList = 5637ACBACAD0F3E924BDC6DC /* Build configuration list for PBXProject "alive" */;
			compatibilityVersion = "Xcode 3.2";
			developmentRegion = en;
			hasScannedForEncodings = 0;
			knownRegions = (
				en,
				Base,
			);
			mainGroup = 3F5E851009E577FE857037E2;
			minimizedProjectReferenceProxies = 0;
			preferredProjectObjectVersion = 77;
			productRefGroup = 672A7694E38090D16009CA0B /* Products */;
			projectDirPath = "";
			projectRoot = "";
			targets = (
				65D4A67E2463C8D9590A1123 /* ALIVE */,
				6E822A844CFDE55382CD5716 /* ALIVEWidgets */,
				EC24D08BF6F19CB0E5BAB12E /* ALIVETests */,
			);
		};
/* End PBXProject section */

/* Begin PBXResourcesBuildPhase section */
		6F34A5866754CF5A406E70FC /* Resources */ = {
			isa = PBXResourcesBuildPhase;
			buildActionMask = 2147483647;
			files = (
			);
			runOnlyForDeploymentPostprocessing = 0;
		};
		89E37BC6D8D2B3A5A331B2E1 /* Resources */ = {
			isa = PBXResourcesBuildPhase;
			buildActionMask = 2147483647;
			files = (
			);
			runOnlyForDeploymentPostprocessing = 0;
		};
		B69B9C3C77DBE875508007B7 /* Resources */ = {
			isa = PBXResourcesBuildPhase;
			buildActionMask = 2147483647;
			files = (
				BC83832B22CB4BC09C7A0B14 /* Assets.xcassets in Resources */,
			);
			runOnlyForDeploymentPostprocessing = 0;
		};
/* End PBXResourcesBuildPhase section */

/* Begin PBXSourcesBuildPhase section */
		1E8839F58B9B196A92C24CFF /* Sources */ = {
			isa = PBXSourcesBuildPhase;
			buildActionMask = 2147483647;
			files = (
				6EB5277B31103B2A75382656 /* FocusViewModel.swift in Sources */,
				BCB20F38F0F910BC6088E550 /* SkillTreeViewModel.swift in Sources */,
				1F175320D7B67F7867308946 /* AuthViewModel.swift in Sources */,
				46C0451492FA951652985448 /* QuestViewModel.swift in Sources */,
				6E797A333C901EFA54306F42 /* ProfileViewModel.swift in Sources */,
				1E5CB0C10D4B499D7EAEAA0B /* AttendanceViewModel.swift in Sources */,
				4023E0C78DE57B7A007F3AA0 /* AnalyticsViewModel.swift in Sources */,
				EE3EBE6279ADB6B84389714A /* ALIVEModelContainer.swift in Sources */,
				5E0FA2F504C94BF51CFBA002 /* ALIVEApp.swift in Sources */,
				AB721466AEE1B71B3153C52F /* ALIVEApplicationDelegate.swift in Sources */,
				BE7C70F3340E307EA1BAAC62 /* ALIVERouter.swift in Sources */,
				B062160D4420325026ACA3ED /* ALIVEWidgetSnapshot.swift in Sources */,
				667587B1D6E26C05C5632DE2 /* FocusActivityAttributes.swift in Sources */,
				924BCE7207AD31A22349681B /* CharacterClass.swift in Sources */,
				CF1341E96D2CB7CC9B0AB532 /* Quest.swift in Sources */,
				9374AC4C0351B79C39E12EBB /* SkillNode.swift in Sources */,
				D26C24154F4DC667912650FE /* UserProfile.swift in Sources */,
				F5A7B2F358570A0D1657E146 /* Course.swift in Sources */,
				62DAAF76AC05BF6EDE5C0DC9 /* Achievement.swift in Sources */,
				9D3057B61C37C7A0CD9A4B11 /* StudySession.swift in Sources */,
				2D02225746C3826FF3264923 /* XPTransaction.swift in Sources */,
				C814374482B7C86B06B5573C /* ParticleEffectView.swift in Sources */,
				0A2D5621A069C4C9C7E50441 /* ColorPalette.swift in Sources */,
				E654DF7DD26EFCF421632E12 /* GlassCardStyle.swift in Sources */,
				679CF3A8B7A6002000DBFD70 /* ALIVEAppIntents.swift in Sources */,
				A182D08BA0AE874AF5FCCA31 /* QuestCardView.swift in Sources */,
				CFF8C7CD584605DFA6589E42 /* QuestListView.swift in Sources */,
				F49646853573614157317C7E /* MainTabView.swift in Sources */,
				FEC107357C1386B0CA4E3305 /* AttendanceTrackerView.swift in Sources */,
				B97A654986401603F707EB2A /* BadgeVaultView.swift in Sources */,
				3256D356FD038D935D6A4DDF /* SkillNodeDetailView.swift in Sources */,
				157CA772F52BAFF6636FEF2A /* SkillTreeCanvasView.swift in Sources */,
				9F63DC316D04E29AE5DF90C7 /* WellnessView.swift in Sources */,
				2C2DC7D779CE58B79783734E /* CharacterCreationView.swift in Sources */,
				01EFDA2C381D6C513777BA8F /* AuthView.swift in Sources */,
				D3FFA7B7BB813CD2A5AC9829 /* FocusSessionView.swift in Sources */,
				AED38AAC73630E15AAA5CAF9 /* FocusSessionComponents.swift in Sources */,
				1AC59F8486E01631AB74AEF3 /* AnalyticsView.swift in Sources */,
				6521D48A6B462ECA35A863A0 /* DashboardView.swift in Sources */,
				4AB6ECE60D65CE7FF51814EB /* LevelUpModalView.swift in Sources */,
				67492BDEDD8B243026C4F9E2 /* CharacterHUDHeader.swift in Sources */,
				544F1A325C94BE14E5141B6B /* DashboardSections.swift in Sources */,
				0F6F0A0BAE9CFCA9514929AF /* QuestProgressEngine.swift in Sources */,
				A573C97DC9CE0AE95250C216 /* DailyQuestService.swift in Sources */,
				3AF76EE607D9B2F735A4F6D3 /* ProgressionModifierEngine.swift in Sources */,
				A179006CA1E6747E057A2322 /* HapticManager.swift in Sources */,
				22B1D078F26657B3BB41E296 /* XPEngine.swift in Sources */,
				7D7E376CF5E09E60B497A97B /* PersistenceService.swift in Sources */,
				20A026A135F9D00E4625FDE6 /* FocusNotificationService.swift in Sources */,
				28F9214AC1F79B845A852C6E /* SkillTreeSeedFactory.swift in Sources */,
				CAF26EC07FD24DE3E82F3ACE /* QuestEngine.swift in Sources */,
				5369AFEC21095BF76491039A /* AuthService.swift in Sources */,
				6D05DE7B55F3F1AC393091E9 /* HealthKitService.swift in Sources */,
				762B5222B6C63B4AE67F8F30 /* FocusLiveActivityManager.swift in Sources */,
				1E36FC26527B8D77E027847A /* HealthKitManager.swift in Sources */,
				70BD5C46CCB1A924FCAF2A3A /* WidgetSnapshotService.swift in Sources */,
				9D4BBA4DB75CC686397CFA85 /* MockDataGenerator.swift in Sources */,
			);
			runOnlyForDeploymentPostprocessing = 0;
		};
		38B1A1FB7AFB5ED81CF2D357 /* Sources */ = {
			isa = PBXSourcesBuildPhase;
			buildActionMask = 2147483647;
			files = (
				DE11F002586C1C6C15032795 /* ALIVEWidgets.swift in Sources */,
				9B8C42164E61248E32926049 /* ALIVEWidgetSnapshot.swift in Sources */,
				239672116AE15C93DF707AD4 /* FocusActivityAttributes.swift in Sources */,
			);
			runOnlyForDeploymentPostprocessing = 0;
		};
		38B3EC5A370B0F13D0CA7C16 /* Sources */ = {
			isa = PBXSourcesBuildPhase;
			buildActionMask = 2147483647;
			files = (
				2AA4CD16D78BF6B6BBA47D7C /* AnalyticsViewModelTests.swift in Sources */,
				838BFC3971AE9B19827488F5 /* AttendanceCalculatorTests.swift in Sources */,
				A2792AEE9349CF92FBD6ECA7 /* XPEngineTests.swift in Sources */,
				FDFA24214512623CC14935F1 /* ALIVERouterTests.swift in Sources */,
				9871864450108D2715BBB6E8 /* QuestProgressEngineTests.swift in Sources */,
				F68C39E3902A660388453280 /* QuestEngineTests.swift in Sources */,
				A9F3C3C80FFEAD7F09E9FD68 /* ProgressionModifierEngineTests.swift in Sources */,
				3C46D3DED6D12856F6356590 /* FocusSessionTests.swift in Sources */,
				54AE93F301FBD771A11F7D6A /* DailyQuestServiceTests.swift in Sources */,
				D38DD550A2FDA922590EBB37 /* SwiftDataModelTests.swift in Sources */,
				B9F33FFEA49CA49E7A60C950 /* FocusSessionViewModelTests.swift in Sources */,
			);
			runOnlyForDeploymentPostprocessing = 0;
		};
/* End PBXSourcesBuildPhase section */

/* Begin PBXTargetDependency section */
		2C42A1A491591241443BB141 /* PBXTargetDependency */ = {
			isa = PBXTargetDependency;
			name = ALIVEWidgets;
			target = 6E822A844CFDE55382CD5716 /* ALIVEWidgets */;
			targetProxy = 3B061F97004D014A0B3F1F12 /* PBXContainerItemProxy */;
		};
		45EE274AFDC54DA9FE480577 /* PBXTargetDependency */ = {
			isa = PBXTargetDependency;
			name = ALIVE;
			target = 65D4A67E2463C8D9590A1123 /* ALIVE */;
			targetProxy = 532B3889606876E2556FD023 /* PBXContainerItemProxy */;
		};
/* End PBXTargetDependency section */

/* Begin XCBuildConfiguration section */
		23567C27F4FC44252AEFA918 /* Debug */ = {
			isa = XCBuildConfiguration;
			buildSettings = {
				APPLICATION_EXTENSION_API_ONLY = YES;
				CLANG_ENABLE_OBJC_WEAK = NO;
				CODE_SIGN_ENTITLEMENTS = ALIVE/Extensions/ALIVEWidgets/ALIVEWidgets.entitlements;
				CURRENT_PROJECT_VERSION = 1;
				GENERATE_INFOPLIST_FILE = NO;
				INFOPLIST_FILE = ALIVE/Extensions/ALIVEWidgets/Info.plist;
				IPHONEOS_DEPLOYMENT_TARGET = 26.5;
				MARKETING_VERSION = 1.0;
				PRODUCT_BUNDLE_IDENTIFIER = com.alive.app.widgets;
				PRODUCT_NAME = ALIVEWidgets;
				SDKROOT = iphoneos;
				SKIP_INSTALL = YES;
				SUPPORTED_PLATFORMS = "iphoneos iphonesimulator";
				SWIFT_VERSION = 5.0;
				TARGETED_DEVICE_FAMILY = "1,2";
			};
			name = Debug;
		};
		2D02A3D7D215C3C2F756D0B4 /* Release */ = {
			isa = XCBuildConfiguration;
			buildSettings = {
				ASSETCATALOG_COMPILER_APPICON_NAME = AppIcon;
				ASSETCATALOG_COMPILER_GLOBAL_ACCENT_COLOR_NAME = AccentColor;
				CLANG_ENABLE_OBJC_WEAK = NO;
				CODE_SIGN_ENTITLEMENTS = ALIVE/ALIVE.entitlements;
				CURRENT_PROJECT_VERSION = 1;
				GENERATE_INFOPLIST_FILE = NO;
				INFOPLIST_FILE = ALIVE/Info.plist;
				IPHONEOS_DEPLOYMENT_TARGET = 26.5;
				LD_RUNPATH_SEARCH_PATHS = "$(inherited) @executable_path/Frameworks";
				MARKETING_VERSION = 1.0;
				PRODUCT_BUNDLE_IDENTIFIER = com.alive.app;
				PRODUCT_NAME = ALIVE;
				SDKROOT = iphoneos;
				SUPPORTED_PLATFORMS = "iphoneos iphonesimulator";
				SWIFT_VERSION = 5.0;
				TARGETED_DEVICE_FAMILY = "1,2";
				VALIDATE_PRODUCT = YES;
			};
			name = Release;
		};
		39215E6C4DEB9925062E281D /* Debug */ = {
			isa = XCBuildConfiguration;
			buildSettings = {
				BUNDLE_LOADER = "$(TEST_HOST)";
				CLANG_ENABLE_OBJC_WEAK = NO;
				GENERATE_INFOPLIST_FILE = YES;
				IPHONEOS_DEPLOYMENT_TARGET = 26.5;
				PRODUCT_BUNDLE_IDENTIFIER = com.alive.app.tests;
				SDKROOT = iphoneos;
				SWIFT_VERSION = 5.0;
				TEST_HOST = "$(BUILT_PRODUCTS_DIR)/ALIVE.app/ALIVE";
			};
			name = Debug;
		};
		4A200146AFB75E61B8DE0675 /* Release */ = {
			isa = XCBuildConfiguration;
			buildSettings = {
				BUNDLE_LOADER = "$(TEST_HOST)";
				CLANG_ENABLE_OBJC_WEAK = NO;
				GENERATE_INFOPLIST_FILE = YES;
				IPHONEOS_DEPLOYMENT_TARGET = 26.5;
				PRODUCT_BUNDLE_IDENTIFIER = com.alive.app.tests;
				SDKROOT = iphoneos;
				SWIFT_VERSION = 5.0;
				TEST_HOST = "$(BUILT_PRODUCTS_DIR)/ALIVE.app/ALIVE";
				VALIDATE_PRODUCT = YES;
			};
			name = Release;
		};
		5D595EE7CB040CC3CB5B36C8 /* Release */ = {
			isa = XCBuildConfiguration;
			buildSettings = {
				ALWAYS_SEARCH_USER_PATHS = NO;
				CLANG_ANALYZER_NONNULL = YES;
				CLANG_ANALYZER_NUMBER_OBJECT_CONVERSION = YES_AGGRESSIVE;
				CLANG_CXX_LANGUAGE_STANDARD = "gnu++14";
				CLANG_CXX_LIBRARY = "libc++";
				CLANG_ENABLE_MODULES = YES;
				CLANG_ENABLE_OBJC_ARC = YES;
				CLANG_ENABLE_OBJC_WEAK = YES;
				CLANG_WARN_BLOCK_CAPTURE_AUTORELEASING = YES;
				CLANG_WARN_BOOL_CONVERSION = YES;
				CLANG_WARN_COMMA = YES;
				CLANG_WARN_CONSTANT_CONVERSION = YES;
				CLANG_WARN_DEPRECATED_OBJC_IMPLEMENTATIONS = YES;
				CLANG_WARN_DIRECT_OBJC_ISA_USAGE = YES_ERROR;
				CLANG_WARN_DOCUMENTATION_COMMENTS = YES;
				CLANG_WARN_EMPTY_BODY = YES;
				CLANG_WARN_ENUM_CONVERSION = YES;
				CLANG_WARN_INFINITE_RECURSION = YES;
				CLANG_WARN_INT_CONVERSION = YES;
				CLANG_WARN_NON_LITERAL_NULL_CONVERSION = YES;
				CLANG_WARN_OBJC_IMPLICIT_RETAIN_SELF = YES;
				CLANG_WARN_OBJC_LITERAL_CONVERSION = YES;
				CLANG_WARN_OBJC_ROOT_CLASS = YES_ERROR;
				CLANG_WARN_QUOTED_INCLUDE_IN_FRAMEWORK_HEADER = YES;
				CLANG_WARN_RANGE_LOOP_ANALYSIS = YES;
				CLANG_WARN_STRICT_PROTOTYPES = YES;
				CLANG_WARN_SUSPICIOUS_MOVE = YES;
				CLANG_WARN_UNGUARDED_AVAILABILITY = YES_AGGRESSIVE;
				CLANG_WARN_UNREACHABLE_CODE = YES;
				CLANG_WARN__DUPLICATE_METHOD_MATCH = YES;
				COPY_PHASE_STRIP = NO;
				DEBUG_INFORMATION_FORMAT = "dwarf-with-dsym";
				ENABLE_NS_ASSERTIONS = NO;
				ENABLE_STRICT_OBJC_MSGSEND = YES;
				GCC_C_LANGUAGE_STANDARD = gnu11;
				GCC_NO_COMMON_BLOCKS = YES;
				GCC_WARN_64_TO_32_BIT_CONVERSION = YES;
				GCC_WARN_ABOUT_RETURN_TYPE = YES_ERROR;
				GCC_WARN_UNDECLARED_SELECTOR = YES;
				GCC_WARN_UNINITIALIZED_AUTOS = YES_AGGRESSIVE;
				GCC_WARN_UNUSED_FUNCTION = YES;
				GCC_WARN_UNUSED_VARIABLE = YES;
				IPHONEOS_DEPLOYMENT_TARGET = 26.5;
				MTL_ENABLE_DEBUG_INFO = NO;
				MTL_FAST_MATH = YES;
				PRODUCT_NAME = "$(TARGET_NAME)";
				SDKROOT = iphoneos;
				SUPPORTED_PLATFORMS = "iphoneos iphonesimulator";
				SWIFT_COMPILATION_MODE = wholemodule;
				SWIFT_OPTIMIZATION_LEVEL = "-O";
				SWIFT_VERSION = 5.0;
			};
			name = Release;
		};
		64055067A0E2768605C84BED /* Debug */ = {
			isa = XCBuildConfiguration;
			buildSettings = {
				ALWAYS_SEARCH_USER_PATHS = NO;
				CLANG_ANALYZER_NONNULL = YES;
				CLANG_ANALYZER_NUMBER_OBJECT_CONVERSION = YES_AGGRESSIVE;
				CLANG_CXX_LANGUAGE_STANDARD = "gnu++14";
				CLANG_CXX_LIBRARY = "libc++";
				CLANG_ENABLE_MODULES = YES;
				CLANG_ENABLE_OBJC_ARC = YES;
				CLANG_ENABLE_OBJC_WEAK = YES;
				CLANG_WARN_BLOCK_CAPTURE_AUTORELEASING = YES;
				CLANG_WARN_BOOL_CONVERSION = YES;
				CLANG_WARN_COMMA = YES;
				CLANG_WARN_CONSTANT_CONVERSION = YES;
				CLANG_WARN_DEPRECATED_OBJC_IMPLEMENTATIONS = YES;
				CLANG_WARN_DIRECT_OBJC_ISA_USAGE = YES_ERROR;
				CLANG_WARN_DOCUMENTATION_COMMENTS = YES;
				CLANG_WARN_EMPTY_BODY = YES;
				CLANG_WARN_ENUM_CONVERSION = YES;
				CLANG_WARN_INFINITE_RECURSION = YES;
				CLANG_WARN_INT_CONVERSION = YES;
				CLANG_WARN_NON_LITERAL_NULL_CONVERSION = YES;
				CLANG_WARN_OBJC_IMPLICIT_RETAIN_SELF = YES;
				CLANG_WARN_OBJC_LITERAL_CONVERSION = YES;
				CLANG_WARN_OBJC_ROOT_CLASS = YES_ERROR;
				CLANG_WARN_QUOTED_INCLUDE_IN_FRAMEWORK_HEADER = YES;
				CLANG_WARN_RANGE_LOOP_ANALYSIS = YES;
				CLANG_WARN_STRICT_PROTOTYPES = YES;
				CLANG_WARN_SUSPICIOUS_MOVE = YES;
				CLANG_WARN_UNGUARDED_AVAILABILITY = YES_AGGRESSIVE;
				CLANG_WARN_UNREACHABLE_CODE = YES;
				CLANG_WARN__DUPLICATE_METHOD_MATCH = YES;
				COPY_PHASE_STRIP = NO;
				DEBUG_INFORMATION_FORMAT = dwarf;
				ENABLE_STRICT_OBJC_MSGSEND = YES;
				ENABLE_TESTABILITY = YES;
				GCC_C_LANGUAGE_STANDARD = gnu11;
				GCC_DYNAMIC_NO_PIC = NO;
				GCC_NO_COMMON_BLOCKS = YES;
				GCC_OPTIMIZATION_LEVEL = 0;
				GCC_PREPROCESSOR_DEFINITIONS = (
					"DEBUG=1",
					"$(inherited)",
				);
				GCC_WARN_64_TO_32_BIT_CONVERSION = YES;
				GCC_WARN_ABOUT_RETURN_TYPE = YES_ERROR;
				GCC_WARN_UNDECLARED_SELECTOR = YES;
				GCC_WARN_UNINITIALIZED_AUTOS = YES_AGGRESSIVE;
				GCC_WARN_UNUSED_FUNCTION = YES;
				GCC_WARN_UNUSED_VARIABLE = YES;
				IPHONEOS_DEPLOYMENT_TARGET = 26.5;
				MTL_ENABLE_DEBUG_INFO = INCLUDE_SOURCE;
				MTL_FAST_MATH = YES;
				ONLY_ACTIVE_ARCH = YES;
				PRODUCT_NAME = "$(TARGET_NAME)";
				SDKROOT = iphoneos;
				SUPPORTED_PLATFORMS = "iphoneos iphonesimulator";
				SWIFT_ACTIVE_COMPILATION_CONDITIONS = DEBUG;
				SWIFT_OPTIMIZATION_LEVEL = "-Onone";
				SWIFT_VERSION = 5.0;
			};
			name = Debug;
		};
		845D2A261D43E3304A0B596D /* Debug */ = {
			isa = XCBuildConfiguration;
			buildSettings = {
				ASSETCATALOG_COMPILER_APPICON_NAME = AppIcon;
				ASSETCATALOG_COMPILER_GLOBAL_ACCENT_COLOR_NAME = AccentColor;
				CLANG_ENABLE_OBJC_WEAK = NO;
				CODE_SIGN_ENTITLEMENTS = ALIVE/ALIVE.entitlements;
				CURRENT_PROJECT_VERSION = 1;
				GENERATE_INFOPLIST_FILE = NO;
				INFOPLIST_FILE = ALIVE/Info.plist;
				IPHONEOS_DEPLOYMENT_TARGET = 26.5;
				LD_RUNPATH_SEARCH_PATHS = "$(inherited) @executable_path/Frameworks";
				MARKETING_VERSION = 1.0;
				PRODUCT_BUNDLE_IDENTIFIER = com.alive.app;
				PRODUCT_NAME = ALIVE;
				SDKROOT = iphoneos;
				SUPPORTED_PLATFORMS = "iphoneos iphonesimulator";
				SWIFT_VERSION = 5.0;
				TARGETED_DEVICE_FAMILY = "1,2";
			};
			name = Debug;
		};
		98E7680F7CEFE40EABFF293D /* Release */ = {
			isa = XCBuildConfiguration;
			buildSettings = {
				APPLICATION_EXTENSION_API_ONLY = YES;
				CLANG_ENABLE_OBJC_WEAK = NO;
				CODE_SIGN_ENTITLEMENTS = ALIVE/Extensions/ALIVEWidgets/ALIVEWidgets.entitlements;
				CURRENT_PROJECT_VERSION = 1;
				GENERATE_INFOPLIST_FILE = NO;
				INFOPLIST_FILE = ALIVE/Extensions/ALIVEWidgets/Info.plist;
				IPHONEOS_DEPLOYMENT_TARGET = 26.5;
				MARKETING_VERSION = 1.0;
				PRODUCT_BUNDLE_IDENTIFIER = com.alive.app.widgets;
				PRODUCT_NAME = ALIVEWidgets;
				SDKROOT = iphoneos;
				SKIP_INSTALL = YES;
				SUPPORTED_PLATFORMS = "iphoneos iphonesimulator";
				SWIFT_VERSION = 5.0;
				TARGETED_DEVICE_FAMILY = "1,2";
				VALIDATE_PRODUCT = YES;
			};
			name = Release;
		};
/* End XCBuildConfiguration section */

/* Begin XCConfigurationList section */
		3C3A91608DABA0BBC4292645 /* Build configuration list for PBXNativeTarget "ALIVE" */ = {
			isa = XCConfigurationList;
			buildConfigurations = (
				2D02A3D7D215C3C2F756D0B4 /* Release */,
				845D2A261D43E3304A0B596D /* Debug */,
			);
			defaultConfigurationIsVisible = 0;
			defaultConfigurationName = Release;
		};
		5637ACBACAD0F3E924BDC6DC /* Build configuration list for PBXProject "alive" */ = {
			isa = XCConfigurationList;
			buildConfigurations = (
				64055067A0E2768605C84BED /* Debug */,
				5D595EE7CB040CC3CB5B36C8 /* Release */,
			);
			defaultConfigurationIsVisible = 0;
			defaultConfigurationName = Release;
		};
		6A1C7A66D610A3051D54E3FE /* Build configuration list for PBXNativeTarget "ALIVEWidgets" */ = {
			isa = XCConfigurationList;
			buildConfigurations = (
				98E7680F7CEFE40EABFF293D /* Release */,
				23567C27F4FC44252AEFA918 /* Debug */,
			);
			defaultConfigurationIsVisible = 0;
			defaultConfigurationName = Release;
		};
		78389C87CEAD07A71078FEAD /* Build configuration list for PBXNativeTarget "ALIVETests" */ = {
			isa = XCConfigurationList;
			buildConfigurations = (
				4A200146AFB75E61B8DE0675 /* Release */,
				39215E6C4DEB9925062E281D /* Debug */,
			);
			defaultConfigurationIsVisible = 0;
			defaultConfigurationName = Release;
		};
/* End XCConfigurationList section */
	};
	rootObject = 2E85CFF05E86857CF5C663B0 /* Project object */;
}
